// !$*UTF8*$!
{
	archiveVersion = 1;
	classes = {
	};
	objectVersion = 46;
	objects = {

/* Begin PBXBuildFile section */
		1196E9EED9B521843A8539EC /* libPods-Diary.a in Frameworks */ = {isa = PBXBuildFile; fileRef = F5E08EEBCE71A6AB1505B630 /* libPods-Diary.a */; };
		23385BF21EFCF1DA004E2151 /* QKBezierView4.m in Sources */ = {isa = PBXBuildFile; fileRef = 23385BF11EFCF1DA004E2151 /* QKBezierView4.m */; };
		233BDDC01F00A2B0000552D9 /* QKBezierView5.m in Sources */ = {isa = PBXBuildFile; fileRef = 233BDDBF1F00A2B0000552D9 /* QKBezierView5.m */; };
		2348A3031EEF75D20033D1BF /* QKStringScannerController.m in Sources */ = {isa = PBXBuildFile; fileRef = 2348A3021EEF75D20033D1BF /* QKStringScannerController.m */; };
		2348A3061EEF760D0033D1BF /* QKStringScanner.m in Sources */ = {isa = PBXBuildFile; fileRef = 2348A3051EEF760D0033D1BF /* QKStringScanner.m */; };
		2348A30E1EEF7A940033D1BF /* QKEasyTestView.m in Sources */ = {isa = PBXBuildFile; fileRef = 2348A30D1EEF7A940033D1BF /* QKEasyTestView.m */; };
		2364E92D1EE0E96500C5D74C /* QKDownLoadImageController.m in Sources */ = {isa = PBXBuildFile; fileRef = 2364E92C1EE0E96500C5D74C /* QKDownLoadImageController.m */; };
		2364E9341EE13E0C00C5D74C /* QKBlockController.m in Sources */ = {isa = PBXBuildFile; fileRef = 2364E9331EE13E0C00C5D74C /* QKBlockController.m */; };
		2364E9371EE13E5800C5D74C /* QKBlockOne.m in Sources */ = {isa = PBXBuildFile; fileRef = 2364E9361EE13E5800C5D74C /* QKBlockOne.m */; };
		23835FEE1EF74B4E0083E894 /* main.m in Sources */ = {isa = PBXBuildFile; fileRef = 23835FED1EF74B4E0083E894 /* main.m */; };
		23835FF11EF74B4E0083E894 /* AppDelegate.m in Sources */ = {isa = PBXBuildFile; fileRef = 23835FF01EF74B4E0083E894 /* AppDelegate.m */; };
		238360071EF74B4E0083E894 /* DiaryTests.m in Sources */ = {isa = PBXBuildFile; fileRef = 238360061EF74B4E0083E894 /* DiaryTests.m */; };
		238360121EF74B4F0083E894 /* DiaryUITests.m in Sources */ = {isa = PBXBuildFile; fileRef = 238360111EF74B4F0083E894 /* DiaryUITests.m */; };
		238360521EF7C1FA0083E894 /* Assets.xcassets in Resources */ = {isa = PBXBuildFile; fileRef = 2383604C1EF7C1FA0083E894 /* Assets.xcassets */; };
		238360581EF7C4340083E894 /* YZBaseNavController.m in Sources */ = {isa = PBXBuildFile; fileRef = 238360571EF7C4340083E894 /* YZBaseNavController.m */; };
		2383605C1EF7C4510083E894 /* YZBaseNormalController.m in Sources */ = {isa = PBXBuildFile; fileRef = 2383605B1EF7C4510083E894 /* YZBaseNormalController.m */; };
		238360661EF7CBF20083E894 /* YZStartController.m in Sources */ = {isa = PBXBuildFile; fileRef = 238360651EF7CBF20083E894 /* YZStartController.m */; };
		2383606C1EF7CC3E0083E894 /* YZGuideController.m in Sources */ = {isa = PBXBuildFile; fileRef = 2383606B1EF7CC3E0083E894 /* YZGuideController.m */; };
		2383606F1EF7CC5F0083E894 /* YZMainController.m in Sources */ = {isa = PBXBuildFile; fileRef = 2383606E1EF7CC5F0083E894 /* YZMainController.m */; };
		238360741EF7D0D50083E894 /* UIColor+YZColor.m in Sources */ = {isa = PBXBuildFile; fileRef = 238360731EF7D0D50083E894 /* UIColor+YZColor.m */; };
		238CDED51EFB90A4003C9917 /* QKBeZierController.m in Sources */ = {isa = PBXBuildFile; fileRef = 238CDED41EFB90A4003C9917 /* QKBeZierController.m */; };
		238CDED81EFB9172003C9917 /* QKBezierView1.m in Sources */ = {isa = PBXBuildFile; fileRef = 238CDED71EFB9172003C9917 /* QKBezierView1.m */; };
		238CDEDB1EFB951C003C9917 /* QKBezierView2.m in Sources */ = {isa = PBXBuildFile; fileRef = 238CDEDA1EFB951C003C9917 /* QKBezierView2.m */; };
		238CDEDE1EFB9B96003C9917 /* QKBezierView3.m in Sources */ = {isa = PBXBuildFile; fileRef = 238CDEDD1EFB9B96003C9917 /* QKBezierView3.m */; };
		5E679A131ECFEF7C00844946 /* ChiCoTests.m in Sources */ = {isa = PBXBuildFile; fileRef = 5E679A121ECFEF7C00844946 /* ChiCoTests.m */; };
		5E679A1E1ECFEF7C00844946 /* ChiCoUITests.m in Sources */ = {isa = PBXBuildFile; fileRef = 5E679A1D1ECFEF7C00844946 /* ChiCoUITests.m */; };
		5EAD65891EE2582400C6D960 /* QKWebImageDownloader.m in Sources */ = {isa = PBXBuildFile; fileRef = 5EAD65881EE2582400C6D960 /* QKWebImageDownloader.m */; };
		5EAE010A1EDC1CEA000830A9 /* QKMainTableBarController.m in Sources */ = {isa = PBXBuildFile; fileRef = 5EAE01091EDC1CEA000830A9 /* QKMainTableBarController.m */; };
		5EAE01141EDC1D33000830A9 /* HomeController.m in Sources */ = {isa = PBXBuildFile; fileRef = 5EAE010D1EDC1D33000830A9 /* HomeController.m */; };
		5EAE01151EDC1D33000830A9 /* QKHomeModel.m in Sources */ = {isa = PBXBuildFile; fileRef = 5EAE010F1EDC1D33000830A9 /* QKHomeModel.m */; };
		5EAE01161EDC1D33000830A9 /* QKHomeNavBar.m in Sources */ = {isa = PBXBuildFile; fileRef = 5EAE01111EDC1D33000830A9 /* QKHomeNavBar.m */; };
		5EAE01171EDC1D33000830A9 /* QKHomeTabView.m in Sources */ = {isa = PBXBuildFile; fileRef = 5EAE01131EDC1D33000830A9 /* QKHomeTabView.m */; };
		5EAE011B1EDC1D63000830A9 /* QKRecommandController.m in Sources */ = {isa = PBXBuildFile; fileRef = 5EAE011A1EDC1D63000830A9 /* QKRecommandController.m */; };
		5EAE011F1EDC1D7A000830A9 /* QKMessageController.m in Sources */ = {isa = PBXBuildFile; fileRef = 5EAE011E1EDC1D7A000830A9 /* QKMessageController.m */; };
		5EAE01231EDC1D8F000830A9 /* QKMyCenterController.m in Sources */ = {isa = PBXBuildFile; fileRef = 5EAE01221EDC1D8F000830A9 /* QKMyCenterController.m */; };
		5EAE01271EDC1DA6000830A9 /* QKTabFirstBaseController.m in Sources */ = {isa = PBXBuildFile; fileRef = 5EAE01261EDC1DA6000830A9 /* QKTabFirstBaseController.m */; };
		5EAE012B1EDC1DC1000830A9 /* QKBaseNavController.m in Sources */ = {isa = PBXBuildFile; fileRef = 5EAE012A1EDC1DC1000830A9 /* QKBaseNavController.m */; };
		5EAE012F1EDC1E05000830A9 /* QKTableBar.m in Sources */ = {isa = PBXBuildFile; fileRef = 5EAE012E1EDC1E05000830A9 /* QKTableBar.m */; };
		5EAE01341EDC1E87000830A9 /* UIColor+QKColor.m in Sources */ = {isa = PBXBuildFile; fileRef = 5EAE01331EDC1E87000830A9 /* UIColor+QKColor.m */; };
		5EAE01381EDC1F4A000830A9 /* QKReasouce.m in Sources */ = {isa = PBXBuildFile; fileRef = 5EAE01371EDC1F4A000830A9 /* QKReasouce.m */; };
		5EAE013B1EDC215D000830A9 /* home.json in Resources */ = {isa = PBXBuildFile; fileRef = 5EAE013A1EDC215D000830A9 /* home.json */; };
		5ECC597B1EDD235F0072D38C /* QKSwithParamController.m in Sources */ = {isa = PBXBuildFile; fileRef = 5ECC597A1EDD235F0072D38C /* QKSwithParamController.m */; };
		5ECC59811EDD24500072D38C /* QKSwitchParamTopBar.m in Sources */ = {isa = PBXBuildFile; fileRef = 5ECC59801EDD24500072D38C /* QKSwitchParamTopBar.m */; };
		5EEC1FD41ED181C20035EE07 /* Assets.xcassets in Resources */ = {isa = PBXBuildFile; fileRef = 5EEC1FCE1ED181C20035EE07 /* Assets.xcassets */; };
		5EEC1FD51ED181C20035EE07 /* Assets.xcassets in Resources */ = {isa = PBXBuildFile; fileRef = 5EEC1FCE1ED181C20035EE07 /* Assets.xcassets */; };
		5EEC1FD61ED181C20035EE07 /* Assets.xcassets in Resources */ = {isa = PBXBuildFile; fileRef = 5EEC1FCE1ED181C20035EE07 /* Assets.xcassets */; };
		5EEC1FD71ED181C20035EE07 /* LaunchScreen.storyboard in Resources */ = {isa = PBXBuildFile; fileRef = 5EEC1FCF1ED181C20035EE07 /* LaunchScreen.storyboard */; };
		5EEC1FD81ED181C20035EE07 /* LaunchScreen.storyboard in Resources */ = {isa = PBXBuildFile; fileRef = 5EEC1FCF1ED181C20035EE07 /* LaunchScreen.storyboard */; };
		5EEC1FD91ED181C20035EE07 /* LaunchScreen.storyboard in Resources */ = {isa = PBXBuildFile; fileRef = 5EEC1FCF1ED181C20035EE07 /* LaunchScreen.storyboard */; };
		5EEC1FDD1ED181C20035EE07 /* Info.plist in Resources */ = {isa = PBXBuildFile; fileRef = 5EEC1FD31ED181C20035EE07 /* Info.plist */; };
		5EEC1FDE1ED181C20035EE07 /* Info.plist in Resources */ = {isa = PBXBuildFile; fileRef = 5EEC1FD31ED181C20035EE07 /* Info.plist */; };
		5EEC1FDF1ED181C20035EE07 /* Info.plist in Resources */ = {isa = PBXBuildFile; fileRef = 5EEC1FD31ED181C20035EE07 /* Info.plist */; };
		5EEC1FE61ED181D80035EE07 /* AppDelegate.m in Sources */ = {isa = PBXBuildFile; fileRef = 5EEC1FE21ED181D80035EE07 /* AppDelegate.m */; };
		5EEC1FE71ED181D80035EE07 /* AppDelegate.m in Sources */ = {isa = PBXBuildFile; fileRef = 5EEC1FE21ED181D80035EE07 /* AppDelegate.m */; };
		5EEC1FE81ED181D80035EE07 /* AppDelegate.m in Sources */ = {isa = PBXBuildFile; fileRef = 5EEC1FE21ED181D80035EE07 /* AppDelegate.m */; };
		5EEC1FE91ED181D80035EE07 /* main.m in Sources */ = {isa = PBXBuildFile; fileRef = 5EEC1FE31ED181D80035EE07 /* main.m */; };
		5EEC1FEA1ED181D80035EE07 /* main.m in Sources */ = {isa = PBXBuildFile; fileRef = 5EEC1FE31ED181D80035EE07 /* main.m */; };
		5EEC1FEB1ED181D80035EE07 /* main.m in Sources */ = {isa = PBXBuildFile; fileRef = 5EEC1FE31ED181D80035EE07 /* main.m */; };
		70D3164EFF1C3D664C63E46E /* libPods-ChiCoUITests.a in Frameworks */ = {isa = PBXBuildFile; fileRef = 904C806346D85D9FBB583594 /* libPods-ChiCoUITests.a */; };
		80633B01783C1CB2AC68A236 /* libPods-ChiCoTests.a in Frameworks */ = {isa = PBXBuildFile; fileRef = AB2B1454D1149655A6DB88C5 /* libPods-ChiCoTests.a */; };
		EE9EEFD5CF1463E63BA33120 /* libPods-ChiCo.a in Frameworks */ = {isa = PBXBuildFile; fileRef = 9E55B0DE933459F801E61795 /* libPods-ChiCo.a */; };
/* End PBXBuildFile section */

/* Begin PBXContainerItemProxy section */
		238360031EF74B4E0083E894 /* PBXContainerItemProxy */ = {
			isa = PBXContainerItemProxy;
			containerPortal = 5E6799ED1ECFEF7C00844946 /* Project object */;
			proxyType = 1;
			remoteGlobalIDString = 23835FE91EF74B4E0083E894;
			remoteInfo = Diary;
		};
		2383600E1EF74B4F0083E894 /* PBXContainerItemProxy */ = {
			isa = PBXContainerItemProxy;
			containerPortal = 5E6799ED1ECFEF7C00844946 /* Project object */;
			proxyType = 1;
			remoteGlobalIDString = 23835FE91EF74B4E0083E894;
			remoteInfo = Diary;
		};
		5E679A0F1ECFEF7C00844946 /* PBXContainerItemProxy */ = {
			isa = PBXContainerItemProxy;
			containerPortal = 5E6799ED1ECFEF7C00844946 /* Project object */;
			proxyType = 1;
			remoteGlobalIDString = 5E6799F41ECFEF7C00844946;
			remoteInfo = ChiCo;
		};
		5E679A1A1ECFEF7C00844946 /* PBXContainerItemProxy */ = {
			isa = PBXContainerItemProxy;
			containerPortal = 5E6799ED1ECFEF7C00844946 /* Project object */;
			proxyType = 1;
			remoteGlobalIDString = 5E6799F41ECFEF7C00844946;
			remoteInfo = ChiCo;
		};
/* End PBXContainerItemProxy section */

/* Begin PBXFileReference section */
		23385BF01EFCF1DA004E2151 /* QKBezierView4.h */ = {isa = PBXFileReference; fileEncoding = 4; lastKnownFileType = sourcecode.c.h; path = QKBezierView4.h; sourceTree = "<group>"; };
		23385BF11EFCF1DA004E2151 /* QKBezierView4.m */ = {isa = PBXFileReference; fileEncoding = 4; lastKnownFileType = sourcecode.c.objc; path = QKBezierView4.m; sourceTree = "<group>"; };
		233BDDBE1F00A2B0000552D9 /* QKBezierView5.h */ = {isa = PBXFileReference; fileEncoding = 4; lastKnownFileType = sourcecode.c.h; path = QKBezierView5.h; sourceTree = "<group>"; };
		233BDDBF1F00A2B0000552D9 /* QKBezierView5.m */ = {isa = PBXFileReference; fileEncoding = 4; lastKnownFileType = sourcecode.c.objc; path = QKBezierView5.m; sourceTree = "<group>"; };
		2348A3011EEF75D20033D1BF /* QKStringScannerController.h */ = {isa = PBXFileReference; fileEncoding = 4; lastKnownFileType = sourcecode.c.h; path = QKStringScannerController.h; sourceTree = "<group>"; };
		2348A3021EEF75D20033D1BF /* QKStringScannerController.m */ = {isa = PBXFileReference; fileEncoding = 4; lastKnownFileType = sourcecode.c.objc; path = QKStringScannerController.m; sourceTree = "<group>"; };
		2348A3041EEF760D0033D1BF /* QKStringScanner.h */ = {isa = PBXFileReference; fileEncoding = 4; lastKnownFileType = sourcecode.c.h; path = QKStringScanner.h; sourceTree = "<group>"; };
		2348A3051EEF760D0033D1BF /* QKStringScanner.m */ = {isa = PBXFileReference; fileEncoding = 4; lastKnownFileType = sourcecode.c.objc; path = QKStringScanner.m; sourceTree = "<group>"; };
		2348A30C1EEF7A940033D1BF /* QKEasyTestView.h */ = {isa = PBXFileReference; fileEncoding = 4; lastKnownFileType = sourcecode.c.h; path = QKEasyTestView.h; sourceTree = "<group>"; };
		2348A30D1EEF7A940033D1BF /* QKEasyTestView.m */ = {isa = PBXFileReference; fileEncoding = 4; lastKnownFileType = sourcecode.c.objc; path = QKEasyTestView.m; sourceTree = "<group>"; };
		2364E92B1EE0E96500C5D74C /* QKDownLoadImageController.h */ = {isa = PBXFileReference; fileEncoding = 4; lastKnownFileType = sourcecode.c.h; path = QKDownLoadImageController.h; sourceTree = "<group>"; };
		2364E92C1EE0E96500C5D74C /* QKDownLoadImageController.m */ = {isa = PBXFileReference; fileEncoding = 4; lastKnownFileType = sourcecode.c.objc; path = QKDownLoadImageController.m; sourceTree = "<group>"; };
		2364E9321EE13E0C00C5D74C /* QKBlockController.h */ = {isa = PBXFileReference; fileEncoding = 4; lastKnownFileType = sourcecode.c.h; path = QKBlockController.h; sourceTree = "<group>"; };
		2364E9331EE13E0C00C5D74C /* QKBlockController.m */ = {isa = PBXFileReference; fileEncoding = 4; lastKnownFileType = sourcecode.c.objc; path = QKBlockController.m; sourceTree = "<group>"; };
		2364E9351EE13E5800C5D74C /* QKBlockOne.h */ = {isa = PBXFileReference; fileEncoding = 4; lastKnownFileType = sourcecode.c.h; path = QKBlockOne.h; sourceTree = "<group>"; };
		2364E9361EE13E5800C5D74C /* QKBlockOne.m */ = {isa = PBXFileReference; fileEncoding = 4; lastKnownFileType = sourcecode.c.objc; path = QKBlockOne.m; sourceTree = "<group>"; };
		23835FEA1EF74B4E0083E894 /* Diary.app */ = {isa = PBXFileReference; explicitFileType = wrapper.application; includeInIndex = 0; path = Diary.app; sourceTree = BUILT_PRODUCTS_DIR; };
		23835FED1EF74B4E0083E894 /* main.m */ = {isa = PBXFileReference; lastKnownFileType = sourcecode.c.objc; path = main.m; sourceTree = "<group>"; };
		23835FEF1EF74B4E0083E894 /* AppDelegate.h */ = {isa = PBXFileReference; lastKnownFileType = sourcecode.c.h; path = AppDelegate.h; sourceTree = "<group>"; };
		23835FF01EF74B4E0083E894 /* AppDelegate.m */ = {isa = PBXFileReference; lastKnownFileType = sourcecode.c.objc; path = AppDelegate.m; sourceTree = "<group>"; };
		23835FFD1EF74B4E0083E894 /* Info.plist */ = {isa = PBXFileReference; lastKnownFileType = text.plist.xml; path = Info.plist; sourceTree = "<group>"; };
		238360021EF74B4E0083E894 /* DiaryTests.xctest */ = {isa = PBXFileReference; explicitFileType = wrapper.cfbundle; includeInIndex = 0; path = DiaryTests.xctest; sourceTree = BUILT_PRODUCTS_DIR; };
		238360061EF74B4E0083E894 /* DiaryTests.m */ = {isa = PBXFileReference; lastKnownFileType = sourcecode.c.objc; path = DiaryTests.m; sourceTree = "<group>"; };
		238360081EF74B4E0083E894 /* Info.plist */ = {isa = PBXFileReference; lastKnownFileType = text.plist.xml; path = Info.plist; sourceTree = "<group>"; };
		2383600D1EF74B4E0083E894 /* DiaryUITests.xctest */ = {isa = PBXFileReference; explicitFileType = wrapper.cfbundle; includeInIndex = 0; path = DiaryUITests.xctest; sourceTree = BUILT_PRODUCTS_DIR; };
		238360111EF74B4F0083E894 /* DiaryUITests.m */ = {isa = PBXFileReference; lastKnownFileType = sourcecode.c.objc; path = DiaryUITests.m; sourceTree = "<group>"; };
		238360131EF74B4F0083E894 /* Info.plist */ = {isa = PBXFileReference; lastKnownFileType = text.plist.xml; path = Info.plist; sourceTree = "<group>"; };
		2383603F1EF7BE760083E894 /* Diary.pch */ = {isa = PBXFileReference; lastKnownFileType = sourcecode.c.h; path = Diary.pch; sourceTree = "<group>"; };
		2383604A1EF7C1780083E894 /* FrameConstants.h */ = {isa = PBXFileReference; fileEncoding = 4; lastKnownFileType = sourcecode.c.h; path = FrameConstants.h; sourceTree = "<group>"; };
		2383604C1EF7C1FA0083E894 /* Assets.xcassets */ = {isa = PBXFileReference; lastKnownFileType = folder.assetcatalog; path = Assets.xcassets; sourceTree = "<group>"; };
		238360561EF7C4340083E894 /* YZBaseNavController.h */ = {isa = PBXFileReference; fileEncoding = 4; lastKnownFileType = sourcecode.c.h; path = YZBaseNavController.h; sourceTree = "<group>"; };
		238360571EF7C4340083E894 /* YZBaseNavController.m */ = {isa = PBXFileReference; fileEncoding = 4; lastKnownFileType = sourcecode.c.objc; path = YZBaseNavController.m; sourceTree = "<group>"; };
		2383605A1EF7C4510083E894 /* YZBaseNormalController.h */ = {isa = PBXFileReference; fileEncoding = 4; lastKnownFileType = sourcecode.c.h; path = YZBaseNormalController.h; sourceTree = "<group>"; };
		2383605B1EF7C4510083E894 /* YZBaseNormalController.m */ = {isa = PBXFileReference; fileEncoding = 4; lastKnownFileType = sourcecode.c.objc; path = YZBaseNormalController.m; sourceTree = "<group>"; };
		238360641EF7CBF20083E894 /* YZStartController.h */ = {isa = PBXFileReference; fileEncoding = 4; lastKnownFileType = sourcecode.c.h; path = YZStartController.h; sourceTree = "<group>"; };
		238360651EF7CBF20083E894 /* YZStartController.m */ = {isa = PBXFileReference; fileEncoding = 4; lastKnownFileType = sourcecode.c.objc; path = YZStartController.m; sourceTree = "<group>"; };
		2383606A1EF7CC3E0083E894 /* YZGuideController.h */ = {isa = PBXFileReference; fileEncoding = 4; lastKnownFileType = sourcecode.c.h; path = YZGuideController.h; sourceTree = "<group>"; };
		2383606B1EF7CC3E0083E894 /* YZGuideController.m */ = {isa = PBXFileReference; fileEncoding = 4; lastKnownFileType = sourcecode.c.objc; path = YZGuideController.m; sourceTree = "<group>"; };
		2383606D1EF7CC5F0083E894 /* YZMainController.h */ = {isa = PBXFileReference; fileEncoding = 4; lastKnownFileType = sourcecode.c.h; path = YZMainController.h; sourceTree = "<group>"; };
		2383606E1EF7CC5F0083E894 /* YZMainController.m */ = {isa = PBXFileReference; fileEncoding = 4; lastKnownFileType = sourcecode.c.objc; path = YZMainController.m; sourceTree = "<group>"; };
		238360721EF7D0D50083E894 /* UIColor+YZColor.h */ = {isa = PBXFileReference; fileEncoding = 4; lastKnownFileType = sourcecode.c.h; path = "UIColor+YZColor.h"; sourceTree = "<group>"; };
		238360731EF7D0D50083E894 /* UIColor+YZColor.m */ = {isa = PBXFileReference; fileEncoding = 4; lastKnownFileType = sourcecode.c.objc; path = "UIColor+YZColor.m"; sourceTree = "<group>"; };
		238CDED31EFB90A4003C9917 /* QKBeZierController.h */ = {isa = PBXFileReference; fileEncoding = 4; lastKnownFileType = sourcecode.c.h; path = QKBeZierController.h; sourceTree = "<group>"; };
		238CDED41EFB90A4003C9917 /* QKBeZierController.m */ = {isa = PBXFileReference; fileEncoding = 4; lastKnownFileType = sourcecode.c.objc; path = QKBeZierController.m; sourceTree = "<group>"; };
		238CDED61EFB9172003C9917 /* QKBezierView1.h */ = {isa = PBXFileReference; fileEncoding = 4; lastKnownFileType = sourcecode.c.h; path = QKBezierView1.h; sourceTree = "<group>"; };
		238CDED71EFB9172003C9917 /* QKBezierView1.m */ = {isa = PBXFileReference; fileEncoding = 4; lastKnownFileType = sourcecode.c.objc; path = QKBezierView1.m; sourceTree = "<group>"; };
		238CDED91EFB951C003C9917 /* QKBezierView2.h */ = {isa = PBXFileReference; fileEncoding = 4; lastKnownFileType = sourcecode.c.h; path = QKBezierView2.h; sourceTree = "<group>"; };
		238CDEDA1EFB951C003C9917 /* QKBezierView2.m */ = {isa = PBXFileReference; fileEncoding = 4; lastKnownFileType = sourcecode.c.objc; path = QKBezierView2.m; sourceTree = "<group>"; };
		238CDEDC1EFB9B96003C9917 /* QKBezierView3.h */ = {isa = PBXFileReference; fileEncoding = 4; lastKnownFileType = sourcecode.c.h; path = QKBezierView3.h; sourceTree = "<group>"; };
		238CDEDD1EFB9B96003C9917 /* QKBezierView3.m */ = {isa = PBXFileReference; fileEncoding = 4; lastKnownFileType = sourcecode.c.objc; path = QKBezierView3.m; sourceTree = "<group>"; };
		23FC8C3A1ED2E7180001AF64 /* FrameConstants.h */ = {isa = PBXFileReference; lastKnownFileType = sourcecode.c.h; path = FrameConstants.h; sourceTree = "<group>"; };
		5C493B76859D15E436041AB5 /* Pods-ChiCoUITests.release.xcconfig */ = {isa = PBXFileReference; includeInIndex = 1; lastKnownFileType = text.xcconfig; name = "Pods-ChiCoUITests.release.xcconfig"; path = "Pods/Target Support Files/Pods-ChiCoUITests/Pods-ChiCoUITests.release.xcconfig"; sourceTree = "<group>"; };
		5C6B044E7C8476110BA57D4C /* Pods-ChiCo.debug.xcconfig */ = {isa = PBXFileReference; includeInIndex = 1; lastKnownFileType = text.xcconfig; name = "Pods-ChiCo.debug.xcconfig"; path = "Pods/Target Support Files/Pods-ChiCo/Pods-ChiCo.debug.xcconfig"; sourceTree = "<group>"; };
		5CBF2F9390285003A827993F /* Pods-ChiCo.release.xcconfig */ = {isa = PBXFileReference; includeInIndex = 1; lastKnownFileType = text.xcconfig; name = "Pods-ChiCo.release.xcconfig"; path = "Pods/Target Support Files/Pods-ChiCo/Pods-ChiCo.release.xcconfig"; sourceTree = "<group>"; };
		5E6799F51ECFEF7C00844946 /* ChiCo.app */ = {isa = PBXFileReference; explicitFileType = wrapper.application; includeInIndex = 0; path = ChiCo.app; sourceTree = BUILT_PRODUCTS_DIR; };
		5E679A0E1ECFEF7C00844946 /* ChiCoTests.xctest */ = {isa = PBXFileReference; explicitFileType = wrapper.cfbundle; includeInIndex = 0; path = ChiCoTests.xctest; sourceTree = BUILT_PRODUCTS_DIR; };
		5E679A121ECFEF7C00844946 /* ChiCoTests.m */ = {isa = PBXFileReference; lastKnownFileType = sourcecode.c.objc; path = ChiCoTests.m; sourceTree = "<group>"; };
		5E679A141ECFEF7C00844946 /* Info.plist */ = {isa = PBXFileReference; lastKnownFileType = text.plist.xml; path = Info.plist; sourceTree = "<group>"; };
		5E679A191ECFEF7C00844946 /* ChiCoUITests.xctest */ = {isa = PBXFileReference; explicitFileType = wrapper.cfbundle; includeInIndex = 0; path = ChiCoUITests.xctest; sourceTree = BUILT_PRODUCTS_DIR; };
		5E679A1D1ECFEF7C00844946 /* ChiCoUITests.m */ = {isa = PBXFileReference; lastKnownFileType = sourcecode.c.objc; path = ChiCoUITests.m; sourceTree = "<group>"; };
		5E679A1F1ECFEF7C00844946 /* Info.plist */ = {isa = PBXFileReference; lastKnownFileType = text.plist.xml; path = Info.plist; sourceTree = "<group>"; };
		5EAD65871EE2582400C6D960 /* QKWebImageDownloader.h */ = {isa = PBXFileReference; fileEncoding = 4; lastKnownFileType = sourcecode.c.h; name = QKWebImageDownloader.h; path = ChiCo/Controller/Test/LoadImage/Controller/QKWebImageDownloader.h; sourceTree = SOURCE_ROOT; };
		5EAD65881EE2582400C6D960 /* QKWebImageDownloader.m */ = {isa = PBXFileReference; fileEncoding = 4; lastKnownFileType = sourcecode.c.objc; name = QKWebImageDownloader.m; path = ChiCo/Controller/Test/LoadImage/Controller/QKWebImageDownloader.m; sourceTree = SOURCE_ROOT; };
		5EAE01081EDC1CEA000830A9 /* QKMainTableBarController.h */ = {isa = PBXFileReference; fileEncoding = 4; lastKnownFileType = sourcecode.c.h; path = QKMainTableBarController.h; sourceTree = "<group>"; };
		5EAE01091EDC1CEA000830A9 /* QKMainTableBarController.m */ = {isa = PBXFileReference; fileEncoding = 4; lastKnownFileType = sourcecode.c.objc; path = QKMainTableBarController.m; sourceTree = "<group>"; };
		5EAE010C1EDC1D33000830A9 /* HomeController.h */ = {isa = PBXFileReference; fileEncoding = 4; lastKnownFileType = sourcecode.c.h; path = HomeController.h; sourceTree = "<group>"; };
		5EAE010D1EDC1D33000830A9 /* HomeController.m */ = {isa = PBXFileReference; fileEncoding = 4; lastKnownFileType = sourcecode.c.objc; path = HomeController.m; sourceTree = "<group>"; };
		5EAE010E1EDC1D33000830A9 /* QKHomeModel.h */ = {isa = PBXFileReference; fileEncoding = 4; lastKnownFileType = sourcecode.c.h; path = QKHomeModel.h; sourceTree = "<group>"; };
		5EAE010F1EDC1D33000830A9 /* QKHomeModel.m */ = {isa = PBXFileReference; fileEncoding = 4; lastKnownFileType = sourcecode.c.objc; path = QKHomeModel.m; sourceTree = "<group>"; };
		5EAE01101EDC1D33000830A9 /* QKHomeNavBar.h */ = {isa = PBXFileReference; fileEncoding = 4; lastKnownFileType = sourcecode.c.h; path = QKHomeNavBar.h; sourceTree = "<group>"; };
		5EAE01111EDC1D33000830A9 /* QKHomeNavBar.m */ = {isa = PBXFileReference; fileEncoding = 4; lastKnownFileType = sourcecode.c.objc; path = QKHomeNavBar.m; sourceTree = "<group>"; };
		5EAE01121EDC1D33000830A9 /* QKHomeTabView.h */ = {isa = PBXFileReference; fileEncoding = 4; lastKnownFileType = sourcecode.c.h; path = QKHomeTabView.h; sourceTree = "<group>"; };
		5EAE01131EDC1D33000830A9 /* QKHomeTabView.m */ = {isa = PBXFileReference; fileEncoding = 4; lastKnownFileType = sourcecode.c.objc; path = QKHomeTabView.m; sourceTree = "<group>"; };
		5EAE01191EDC1D63000830A9 /* QKRecommandController.h */ = {isa = PBXFileReference; fileEncoding = 4; lastKnownFileType = sourcecode.c.h; path = QKRecommandController.h; sourceTree = "<group>"; };
		5EAE011A1EDC1D63000830A9 /* QKRecommandController.m */ = {isa = PBXFileReference; fileEncoding = 4; lastKnownFileType = sourcecode.c.objc; path = QKRecommandController.m; sourceTree = "<group>"; };
		5EAE011D1EDC1D7A000830A9 /* QKMessageController.h */ = {isa = PBXFileReference; fileEncoding = 4; lastKnownFileType = sourcecode.c.h; path = QKMessageController.h; sourceTree = "<group>"; };
		5EAE011E1EDC1D7A000830A9 /* QKMessageController.m */ = {isa = PBXFileReference; fileEncoding = 4; lastKnownFileType = sourcecode.c.objc; path = QKMessageController.m; sourceTree = "<group>"; };
		5EAE01211EDC1D8F000830A9 /* QKMyCenterController.h */ = {isa = PBXFileReference; fileEncoding = 4; lastKnownFileType = sourcecode.c.h; path = QKMyCenterController.h; sourceTree = "<group>"; };
		5EAE01221EDC1D8F000830A9 /* QKMyCenterController.m */ = {isa = PBXFileReference; fileEncoding = 4; lastKnownFileType = sourcecode.c.objc; path = QKMyCenterController.m; sourceTree = "<group>"; };
		5EAE01251EDC1DA6000830A9 /* QKTabFirstBaseController.h */ = {isa = PBXFileReference; fileEncoding = 4; lastKnownFileType = sourcecode.c.h; path = QKTabFirstBaseController.h; sourceTree = "<group>"; };
		5EAE01261EDC1DA6000830A9 /* QKTabFirstBaseController.m */ = {isa = PBXFileReference; fileEncoding = 4; lastKnownFileType = sourcecode.c.objc; path = QKTabFirstBaseController.m; sourceTree = "<group>"; };
		5EAE01291EDC1DC1000830A9 /* QKBaseNavController.h */ = {isa = PBXFileReference; fileEncoding = 4; lastKnownFileType = sourcecode.c.h; path = QKBaseNavController.h; sourceTree = "<group>"; };
		5EAE012A1EDC1DC1000830A9 /* QKBaseNavController.m */ = {isa = PBXFileReference; fileEncoding = 4; lastKnownFileType = sourcecode.c.objc; path = QKBaseNavController.m; sourceTree = "<group>"; };
		5EAE012D1EDC1E05000830A9 /* QKTableBar.h */ = {isa = PBXFileReference; fileEncoding = 4; lastKnownFileType = sourcecode.c.h; path = QKTableBar.h; sourceTree = "<group>"; };
		5EAE012E1EDC1E05000830A9 /* QKTableBar.m */ = {isa = PBXFileReference; fileEncoding = 4; lastKnownFileType = sourcecode.c.objc; path = QKTableBar.m; sourceTree = "<group>"; };
		5EAE01321EDC1E87000830A9 /* UIColor+QKColor.h */ = {isa = PBXFileReference; fileEncoding = 4; lastKnownFileType = sourcecode.c.h; path = "UIColor+QKColor.h"; sourceTree = "<group>"; };
		5EAE01331EDC1E87000830A9 /* UIColor+QKColor.m */ = {isa = PBXFileReference; fileEncoding = 4; lastKnownFileType = sourcecode.c.objc; path = "UIColor+QKColor.m"; sourceTree = "<group>"; };
		5EAE01361EDC1F4A000830A9 /* QKReasouce.h */ = {isa = PBXFileReference; fileEncoding = 4; lastKnownFileType = sourcecode.c.h; path = QKReasouce.h; sourceTree = "<group>"; };
		5EAE01371EDC1F4A000830A9 /* QKReasouce.m */ = {isa = PBXFileReference; fileEncoding = 4; lastKnownFileType = sourcecode.c.objc; path = QKReasouce.m; sourceTree = "<group>"; };
		5EAE013A1EDC215D000830A9 /* home.json */ = {isa = PBXFileReference; fileEncoding = 4; lastKnownFileType = text.json; path = home.json; sourceTree = "<group>"; };
		5ECC59791EDD235F0072D38C /* QKSwithParamController.h */ = {isa = PBXFileReference; fileEncoding = 4; lastKnownFileType = sourcecode.c.h; path = QKSwithParamController.h; sourceTree = "<group>"; };
		5ECC597A1EDD235F0072D38C /* QKSwithParamController.m */ = {isa = PBXFileReference; fileEncoding = 4; lastKnownFileType = sourcecode.c.objc; path = QKSwithParamController.m; sourceTree = "<group>"; };
		5ECC597F1EDD24500072D38C /* QKSwitchParamTopBar.h */ = {isa = PBXFileReference; fileEncoding = 4; lastKnownFileType = sourcecode.c.h; path = QKSwitchParamTopBar.h; sourceTree = "<group>"; };
		5ECC59801EDD24500072D38C /* QKSwitchParamTopBar.m */ = {isa = PBXFileReference; fileEncoding = 4; lastKnownFileType = sourcecode.c.objc; path = QKSwitchParamTopBar.m; sourceTree = "<group>"; };
		5EEC1FC21ED17FD50035EE07 /* ChiCo.pch */ = {isa = PBXFileReference; fileEncoding = 4; lastKnownFileType = sourcecode.c.h; path = ChiCo.pch; sourceTree = "<group>"; };
		5EEC1FCE1ED181C20035EE07 /* Assets.xcassets */ = {isa = PBXFileReference; lastKnownFileType = folder.assetcatalog; path = Assets.xcassets; sourceTree = "<group>"; };
		5EEC1FD01ED181C20035EE07 /* Base */ = {isa = PBXFileReference; lastKnownFileType = file.storyboard; name = Base; path = Base.lproj/LaunchScreen.storyboard; sourceTree = "<group>"; };
		5EEC1FD31ED181C20035EE07 /* Info.plist */ = {isa = PBXFileReference; fileEncoding = 4; lastKnownFileType = text.plist.xml; path = Info.plist; sourceTree = "<group>"; };
		5EEC1FE11ED181D80035EE07 /* AppDelegate.h */ = {isa = PBXFileReference; fileEncoding = 4; lastKnownFileType = sourcecode.c.h; path = AppDelegate.h; sourceTree = "<group>"; };
		5EEC1FE21ED181D80035EE07 /* AppDelegate.m */ = {isa = PBXFileReference; fileEncoding = 4; lastKnownFileType = sourcecode.c.objc; path = AppDelegate.m; sourceTree = "<group>"; };
		5EEC1FE31ED181D80035EE07 /* main.m */ = {isa = PBXFileReference; fileEncoding = 4; lastKnownFileType = sourcecode.c.objc; path = main.m; sourceTree = "<group>"; };
		6F0AB990355690211232F7DB /* Pods-ChiCoTests.debug.xcconfig */ = {isa = PBXFileReference; includeInIndex = 1; lastKnownFileType = text.xcconfig; name = "Pods-ChiCoTests.debug.xcconfig"; path = "Pods/Target Support Files/Pods-ChiCoTests/Pods-ChiCoTests.debug.xcconfig"; sourceTree = "<group>"; };
		71DE0691775386BBFE795951 /* Pods-Diary.release.xcconfig */ = {isa = PBXFileReference; includeInIndex = 1; lastKnownFileType = text.xcconfig; name = "Pods-Diary.release.xcconfig"; path = "Pods/Target Support Files/Pods-Diary/Pods-Diary.release.xcconfig"; sourceTree = "<group>"; };
		87F83AD332B127260E490E89 /* Pods-ChiCoUITests.debug.xcconfig */ = {isa = PBXFileReference; includeInIndex = 1; lastKnownFileType = text.xcconfig; name = "Pods-ChiCoUITests.debug.xcconfig"; path = "Pods/Target Support Files/Pods-ChiCoUITests/Pods-ChiCoUITests.debug.xcconfig"; sourceTree = "<group>"; };
		904C806346D85D9FBB583594 /* libPods-ChiCoUITests.a */ = {isa = PBXFileReference; explicitFileType = archive.ar; includeInIndex = 0; path = "libPods-ChiCoUITests.a"; sourceTree = BUILT_PRODUCTS_DIR; };
		9E55B0DE933459F801E61795 /* libPods-ChiCo.a */ = {isa = PBXFileReference; explicitFileType = archive.ar; includeInIndex = 0; path = "libPods-ChiCo.a"; sourceTree = BUILT_PRODUCTS_DIR; };
		AB2B1454D1149655A6DB88C5 /* libPods-ChiCoTests.a */ = {isa = PBXFileReference; explicitFileType = archive.ar; includeInIndex = 0; path = "libPods-ChiCoTests.a"; sourceTree = BUILT_PRODUCTS_DIR; };
		C60E38D27B6B95CAF42B196E /* Pods-Diary.debug.xcconfig */ = {isa = PBXFileReference; includeInIndex = 1; lastKnownFileType = text.xcconfig; name = "Pods-Diary.debug.xcconfig"; path = "Pods/Target Support Files/Pods-Diary/Pods-Diary.debug.xcconfig"; sourceTree = "<group>"; };
		D962AF701B39531BA820FBC3 /* Pods-ChiCoTests.release.xcconfig */ = {isa = PBXFileReference; includeInIndex = 1; lastKnownFileType = text.xcconfig; name = "Pods-ChiCoTests.release.xcconfig"; path = "Pods/Target Support Files/Pods-ChiCoTests/Pods-ChiCoTests.release.xcconfig"; sourceTree = "<group>"; };
		F5E08EEBCE71A6AB1505B630 /* libPods-Diary.a */ = {isa = PBXFileReference; explicitFileType = archive.ar; includeInIndex = 0; path = "libPods-Diary.a"; sourceTree = BUILT_PRODUCTS_DIR; };
/* End PBXFileReference section */

/* Begin PBXFrameworksBuildPhase section */
		23835FE71EF74B4E0083E894 /* Frameworks */ = {
			isa = PBXFrameworksBuildPhase;
			buildActionMask = 2147483647;
			files = (
				1196E9EED9B521843A8539EC /* libPods-Diary.a in Frameworks */,
			);
			runOnlyForDeploymentPostprocessing = 0;
		};
		23835FFF1EF74B4E0083E894 /* Frameworks */ = {
			isa = PBXFrameworksBuildPhase;
			buildActionMask = 2147483647;
			files = (
			);
			runOnlyForDeploymentPostprocessing = 0;
		};
		2383600A1EF74B4E0083E894 /* Frameworks */ = {
			isa = PBXFrameworksBuildPhase;
			buildActionMask = 2147483647;
			files = (
			);
			runOnlyForDeploymentPostprocessing = 0;
		};
		5E6799F21ECFEF7C00844946 /* Frameworks */ = {
			isa = PBXFrameworksBuildPhase;
			buildActionMask = 2147483647;
			files = (
				EE9EEFD5CF1463E63BA33120 /* libPods-ChiCo.a in Frameworks */,
			);
			runOnlyForDeploymentPostprocessing = 0;
		};
		5E679A0B1ECFEF7C00844946 /* Frameworks */ = {
			isa = PBXFrameworksBuildPhase;
			buildActionMask = 2147483647;
			files = (
				80633B01783C1CB2AC68A236 /* libPods-ChiCoTests.a in Frameworks */,
			);
			runOnlyForDeploymentPostprocessing = 0;
		};
		5E679A161ECFEF7C00844946 /* Frameworks */ = {
			isa = PBXFrameworksBuildPhase;
			buildActionMask = 2147483647;
			files = (
				70D3164EFF1C3D664C63E46E /* libPods-ChiCoUITests.a in Frameworks */,
			);
			runOnlyForDeploymentPostprocessing = 0;
		};
/* End PBXFrameworksBuildPhase section */

/* Begin PBXGroup section */
		2348A2FD1EEF75A10033D1BF /* Scanner */ = {
			isa = PBXGroup;
			children = (
				2348A2FE1EEF75A10033D1BF /* Controller */,
				2348A2FF1EEF75A10033D1BF /* Model */,
				2348A3001EEF75A10033D1BF /* View */,
			);
			path = Scanner;
			sourceTree = "<group>";
		};
		2348A2FE1EEF75A10033D1BF /* Controller */ = {
			isa = PBXGroup;
			children = (
				2348A3011EEF75D20033D1BF /* QKStringScannerController.h */,
				2348A3021EEF75D20033D1BF /* QKStringScannerController.m */,
			);
			path = Controller;
			sourceTree = "<group>";
		};
		2348A2FF1EEF75A10033D1BF /* Model */ = {
			isa = PBXGroup;
			children = (
				2348A3041EEF760D0033D1BF /* QKStringScanner.h */,
				2348A3051EEF760D0033D1BF /* QKStringScanner.m */,
			);
			path = Model;
			sourceTree = "<group>";
		};
		2348A3001EEF75A10033D1BF /* View */ = {
			isa = PBXGroup;
			children = (
			);
			path = View;
			sourceTree = "<group>";
		};
		2348A3081EEF77D00033D1BF /* EasyTest */ = {
			isa = PBXGroup;
			children = (
				2348A30C1EEF7A940033D1BF /* QKEasyTestView.h */,
				2348A30D1EEF7A940033D1BF /* QKEasyTestView.m */,
			);
			path = EasyTest;
			sourceTree = "<group>";
		};
		2364E9271EE0E94000C5D74C /* DownLoadImage */ = {
			isa = PBXGroup;
			children = (
				2364E9281EE0E94000C5D74C /* Controller */,
				2364E9291EE0E94000C5D74C /* Model */,
				2364E92A1EE0E94000C5D74C /* View */,
			);
			path = DownLoadImage;
			sourceTree = "<group>";
		};
		2364E9281EE0E94000C5D74C /* Controller */ = {
			isa = PBXGroup;
			children = (
				2364E92B1EE0E96500C5D74C /* QKDownLoadImageController.h */,
				2364E92C1EE0E96500C5D74C /* QKDownLoadImageController.m */,
			);
			path = Controller;
			sourceTree = "<group>";
		};
		2364E9291EE0E94000C5D74C /* Model */ = {
			isa = PBXGroup;
			children = (
				5EAD65871EE2582400C6D960 /* QKWebImageDownloader.h */,
				5EAD65881EE2582400C6D960 /* QKWebImageDownloader.m */,
			);
			path = Model;
			sourceTree = "<group>";
		};
		2364E92A1EE0E94000C5D74C /* View */ = {
			isa = PBXGroup;
			children = (
			);
			path = View;
			sourceTree = "<group>";
		};
		2364E92E1EE13DC300C5D74C /* Block */ = {
			isa = PBXGroup;
			children = (
				2364E92F1EE13DC300C5D74C /* Controller */,
				2364E9301EE13DC300C5D74C /* Model */,
				2364E9311EE13DC300C5D74C /* View */,
			);
			path = Block;
			sourceTree = "<group>";
		};
		2364E92F1EE13DC300C5D74C /* Controller */ = {
			isa = PBXGroup;
			children = (
				2364E9321EE13E0C00C5D74C /* QKBlockController.h */,
				2364E9331EE13E0C00C5D74C /* QKBlockController.m */,
			);
			path = Controller;
			sourceTree = "<group>";
		};
		2364E9301EE13DC300C5D74C /* Model */ = {
			isa = PBXGroup;
			children = (
				2364E9351EE13E5800C5D74C /* QKBlockOne.h */,
				2364E9361EE13E5800C5D74C /* QKBlockOne.m */,
			);
			path = Model;
			sourceTree = "<group>";
		};
		2364E9311EE13DC300C5D74C /* View */ = {
			isa = PBXGroup;
			children = (
			);
			path = View;
			sourceTree = "<group>";
		};
		23835FEB1EF74B4E0083E894 /* Diary */ = {
			isa = PBXGroup;
			children = (
				2383604B1EF7C1A30083E894 /* AppDelegate */,
				238360401EF7BFD50083E894 /* Class */,
				2383603E1EF7BE5E0083E894 /* Resource */,
				23835FEC1EF74B4E0083E894 /* Supporting Files */,
			);
			path = Diary;
			sourceTree = "<group>";
		};
		23835FEC1EF74B4E0083E894 /* Supporting Files */ = {
			isa = PBXGroup;
			children = (
				23835FFD1EF74B4E0083E894 /* Info.plist */,
				23835FED1EF74B4E0083E894 /* main.m */,
			);
			name = "Supporting Files";
			sourceTree = "<group>";
		};
		238360051EF74B4E0083E894 /* DiaryTests */ = {
			isa = PBXGroup;
			children = (
				238360061EF74B4E0083E894 /* DiaryTests.m */,
				238360081EF74B4E0083E894 /* Info.plist */,
			);
			path = DiaryTests;
			sourceTree = "<group>";
		};
		238360101EF74B4F0083E894 /* DiaryUITests */ = {
			isa = PBXGroup;
			children = (
				238360111EF74B4F0083E894 /* DiaryUITests.m */,
				238360131EF74B4F0083E894 /* Info.plist */,
			);
			path = DiaryUITests;
			sourceTree = "<group>";
		};
		2383603E1EF7BE5E0083E894 /* Resource */ = {
			isa = PBXGroup;
			children = (
				2383604C1EF7C1FA0083E894 /* Assets.xcassets */,
				238360491EF7C1540083E894 /* Const */,
				2383603F1EF7BE760083E894 /* Diary.pch */,
			);
			path = Resource;
			sourceTree = "<group>";
		};
		238360401EF7BFD50083E894 /* Class */ = {
			isa = PBXGroup;
			children = (
				238360701EF7D0910083E894 /* UI */,
				238360601EF7CB7C0083E894 /* Start */,
				238360411EF7BFD50083E894 /* Base */,
			);
			path = Class;
			sourceTree = "<group>";
		};
		238360411EF7BFD50083E894 /* Base */ = {
			isa = PBXGroup;
			children = (
				238360471EF7BFF20083E894 /* Controller */,
				238360421EF7BFD50083E894 /* Model */,
				238360431EF7BFD50083E894 /* View */,
			);
			path = Base;
			sourceTree = "<group>";
		};
		238360421EF7BFD50083E894 /* Model */ = {
			isa = PBXGroup;
			children = (
			);
			path = Model;
			sourceTree = "<group>";
		};
		238360431EF7BFD50083E894 /* View */ = {
			isa = PBXGroup;
			children = (
			);
			path = View;
			sourceTree = "<group>";
		};
		238360471EF7BFF20083E894 /* Controller */ = {
			isa = PBXGroup;
			children = (
				238360591EF7C4390083E894 /* Normal */,
				238360551EF7C4060083E894 /* Nav */,
			);
			path = Controller;
			sourceTree = "<group>";
		};
		238360491EF7C1540083E894 /* Const */ = {
			isa = PBXGroup;
			children = (
				2383604A1EF7C1780083E894 /* FrameConstants.h */,
			);
			name = Const;
			sourceTree = "<group>";
		};
		2383604B1EF7C1A30083E894 /* AppDelegate */ = {
			isa = PBXGroup;
			children = (
				23835FEF1EF74B4E0083E894 /* AppDelegate.h */,
				23835FF01EF74B4E0083E894 /* AppDelegate.m */,
			);
			name = AppDelegate;
			sourceTree = "<group>";
		};
		238360551EF7C4060083E894 /* Nav */ = {
			isa = PBXGroup;
			children = (
				238360561EF7C4340083E894 /* YZBaseNavController.h */,
				238360571EF7C4340083E894 /* YZBaseNavController.m */,
			);
			name = Nav;
			sourceTree = "<group>";
		};
		238360591EF7C4390083E894 /* Normal */ = {
			isa = PBXGroup;
			children = (
				2383605A1EF7C4510083E894 /* YZBaseNormalController.h */,
				2383605B1EF7C4510083E894 /* YZBaseNormalController.m */,
			);
			name = Normal;
			sourceTree = "<group>";
		};
		238360601EF7CB7C0083E894 /* Start */ = {
			isa = PBXGroup;
			children = (
				238360621EF7CB960083E894 /* Model */,
				238360631EF7CB960083E894 /* View */,
				238360611EF7CB7C0083E894 /* Controller */,
			);
			path = Start;
			sourceTree = "<group>";
		};
		238360611EF7CB7C0083E894 /* Controller */ = {
			isa = PBXGroup;
			children = (
				238360691EF7CC2A0083E894 /* Guide */,
				238360681EF7CC1F0083E894 /* Main */,
				238360671EF7CC100083E894 /* Nav */,
			);
			path = Controller;
			sourceTree = "<group>";
		};
		238360621EF7CB960083E894 /* Model */ = {
			isa = PBXGroup;
			children = (
			);
			path = Model;
			sourceTree = "<group>";
		};
		238360631EF7CB960083E894 /* View */ = {
			isa = PBXGroup;
			children = (
			);
			path = View;
			sourceTree = "<group>";
		};
		238360671EF7CC100083E894 /* Nav */ = {
			isa = PBXGroup;
			children = (
				238360641EF7CBF20083E894 /* YZStartController.h */,
				238360651EF7CBF20083E894 /* YZStartController.m */,
			);
			name = Nav;
			sourceTree = "<group>";
		};
		238360681EF7CC1F0083E894 /* Main */ = {
			isa = PBXGroup;
			children = (
				2383606D1EF7CC5F0083E894 /* YZMainController.h */,
				2383606E1EF7CC5F0083E894 /* YZMainController.m */,
			);
			name = Main;
			sourceTree = "<group>";
		};
		238360691EF7CC2A0083E894 /* Guide */ = {
			isa = PBXGroup;
			children = (
				2383606A1EF7CC3E0083E894 /* YZGuideController.h */,
				2383606B1EF7CC3E0083E894 /* YZGuideController.m */,
			);
			name = Guide;
			sourceTree = "<group>";
		};
		238360701EF7D0910083E894 /* UI */ = {
			isa = PBXGroup;
			children = (
				238360711EF7D09C0083E894 /* Color */,
			);
			path = UI;
			sourceTree = "<group>";
		};
		238360711EF7D09C0083E894 /* Color */ = {
			isa = PBXGroup;
			children = (
				238360721EF7D0D50083E894 /* UIColor+YZColor.h */,
				238360731EF7D0D50083E894 /* UIColor+YZColor.m */,
			);
			path = Color;
			sourceTree = "<group>";
		};
		238CDECF1EFB9071003C9917 /* Bezier */ = {
			isa = PBXGroup;
			children = (
				238CDED01EFB9071003C9917 /* Controller */,
				238CDED11EFB9071003C9917 /* Model */,
				238CDED21EFB9071003C9917 /* View */,
			);
			path = Bezier;
			sourceTree = "<group>";
		};
		238CDED01EFB9071003C9917 /* Controller */ = {
			isa = PBXGroup;
			children = (
				238CDED31EFB90A4003C9917 /* QKBeZierController.h */,
				238CDED41EFB90A4003C9917 /* QKBeZierController.m */,
			);
			path = Controller;
			sourceTree = "<group>";
		};
		238CDED11EFB9071003C9917 /* Model */ = {
			isa = PBXGroup;
			children = (
			);
			path = Model;
			sourceTree = "<group>";
		};
		238CDED21EFB9071003C9917 /* View */ = {
			isa = PBXGroup;
			children = (
				238CDED61EFB9172003C9917 /* QKBezierView1.h */,
				238CDED71EFB9172003C9917 /* QKBezierView1.m */,
				238CDED91EFB951C003C9917 /* QKBezierView2.h */,
				238CDEDA1EFB951C003C9917 /* QKBezierView2.m */,
				238CDEDC1EFB9B96003C9917 /* QKBezierView3.h */,
				238CDEDD1EFB9B96003C9917 /* QKBezierView3.m */,
				23385BF01EFCF1DA004E2151 /* QKBezierView4.h */,
				23385BF11EFCF1DA004E2151 /* QKBezierView4.m */,
				233BDDBE1F00A2B0000552D9 /* QKBezierView5.h */,
				233BDDBF1F00A2B0000552D9 /* QKBezierView5.m */,
			);
			path = View;
			sourceTree = "<group>";
		};
		23FC8C391ED2E6C10001AF64 /* Constants */ = {
			isa = PBXGroup;
			children = (
				23FC8C3A1ED2E7180001AF64 /* FrameConstants.h */,
			);
			name = Constants;
			sourceTree = "<group>";
		};
		4DB74AA97136FDD50957663E /* Pods */ = {
			isa = PBXGroup;
			children = (
				5C6B044E7C8476110BA57D4C /* Pods-ChiCo.debug.xcconfig */,
				5CBF2F9390285003A827993F /* Pods-ChiCo.release.xcconfig */,
				87F83AD332B127260E490E89 /* Pods-ChiCoUITests.debug.xcconfig */,
				5C493B76859D15E436041AB5 /* Pods-ChiCoUITests.release.xcconfig */,
				6F0AB990355690211232F7DB /* Pods-ChiCoTests.debug.xcconfig */,
				D962AF701B39531BA820FBC3 /* Pods-ChiCoTests.release.xcconfig */,
				C60E38D27B6B95CAF42B196E /* Pods-Diary.debug.xcconfig */,
				71DE0691775386BBFE795951 /* Pods-Diary.release.xcconfig */,
			);
			name = Pods;
			sourceTree = "<group>";
		};
		5E6799EC1ECFEF7C00844946 = {
			isa = PBXGroup;
			children = (
				5E6799F71ECFEF7C00844946 /* ChiCo */,
				5E679A111ECFEF7C00844946 /* ChiCoTests */,
				5E679A1C1ECFEF7C00844946 /* ChiCoUITests */,
				23835FEB1EF74B4E0083E894 /* Diary */,
				238360051EF74B4E0083E894 /* DiaryTests */,
				238360101EF74B4F0083E894 /* DiaryUITests */,
				5E6799F61ECFEF7C00844946 /* Products */,
				4DB74AA97136FDD50957663E /* Pods */,
				FAD24DCFC2EBA2368BB7BA92 /* Frameworks */,
			);
			sourceTree = "<group>";
		};
		5E6799F61ECFEF7C00844946 /* Products */ = {
			isa = PBXGroup;
			children = (
				5E6799F51ECFEF7C00844946 /* ChiCo.app */,
				5E679A0E1ECFEF7C00844946 /* ChiCoTests.xctest */,
				5E679A191ECFEF7C00844946 /* ChiCoUITests.xctest */,
				23835FEA1EF74B4E0083E894 /* Diary.app */,
				238360021EF74B4E0083E894 /* DiaryTests.xctest */,
				2383600D1EF74B4E0083E894 /* DiaryUITests.xctest */,
			);
			name = Products;
			sourceTree = "<group>";
		};
		5E6799F71ECFEF7C00844946 /* ChiCo */ = {
			isa = PBXGroup;
			children = (
				5E6FF57B1ED9BF32007331F6 /* QKLibray */,
				5E6FF57A1ED9BF27007331F6 /* Controller */,
				5E6FF5791ED9BF21007331F6 /* Word */,
				5EEC1FE01ED181D80035EE07 /* Start */,
				5EEC1FCD1ED181C20035EE07 /* Reasource */,
				5E6799F81ECFEF7C00844946 /* Supporting Files */,
			);
			path = ChiCo;
			sourceTree = "<group>";
		};
		5E6799F81ECFEF7C00844946 /* Supporting Files */ = {
			isa = PBXGroup;
			children = (
			);
			name = "Supporting Files";
			sourceTree = "<group>";
		};
		5E679A111ECFEF7C00844946 /* ChiCoTests */ = {
			isa = PBXGroup;
			children = (
				5E679A121ECFEF7C00844946 /* ChiCoTests.m */,
				5E679A141ECFEF7C00844946 /* Info.plist */,
				5EEC1FC21ED17FD50035EE07 /* ChiCo.pch */,
			);
			path = ChiCoTests;
			sourceTree = "<group>";
		};
		5E679A1C1ECFEF7C00844946 /* ChiCoUITests */ = {
			isa = PBXGroup;
			children = (
				5E679A1D1ECFEF7C00844946 /* ChiCoUITests.m */,
				5E679A1F1ECFEF7C00844946 /* Info.plist */,
			);
			path = ChiCoUITests;
			sourceTree = "<group>";
		};
		5E6FF5781ED9B993007331F6 /* JSON */ = {
			isa = PBXGroup;
			children = (
				5EAE013A1EDC215D000830A9 /* home.json */,
			);
			path = JSON;
			sourceTree = "<group>";
		};
		5E6FF5791ED9BF21007331F6 /* Word */ = {
			isa = PBXGroup;
			children = (
			);
			path = Word;
			sourceTree = "<group>";
		};
		5E6FF57A1ED9BF27007331F6 /* Controller */ = {
			isa = PBXGroup;
			children = (
				5E6FF5811ED9C01F007331F6 /* Base */,
				5E6FF5821ED9C01F007331F6 /* Test */,
			);
			path = Controller;
			sourceTree = "<group>";
		};
		5E6FF57B1ED9BF32007331F6 /* QKLibray */ = {
			isa = PBXGroup;
			children = (
				5E6FF5801ED9BFF6007331F6 /* Net */,
				5E6FF57C1ED9BFC8007331F6 /* Data */,
				5E6FF57D1ED9BFC8007331F6 /* Image */,
				5E6FF57E1ED9BFC8007331F6 /* UI */,
				5E6FF57F1ED9BFC8007331F6 /* Vido */,
			);
			path = QKLibray;
			sourceTree = "<group>";
		};
		5E6FF57C1ED9BFC8007331F6 /* Data */ = {
			isa = PBXGroup;
			children = (
				5EAE01351EDC1F4A000830A9 /* EasyTest */,
			);
			path = Data;
			sourceTree = "<group>";
		};
		5E6FF57D1ED9BFC8007331F6 /* Image */ = {
			isa = PBXGroup;
			children = (
			);
			path = Image;
			sourceTree = "<group>";
		};
		5E6FF57E1ED9BFC8007331F6 /* UI */ = {
			isa = PBXGroup;
			children = (
				2348A3081EEF77D00033D1BF /* EasyTest */,
				5EAE01311EDC1E51000830A9 /* Color */,
			);
			path = UI;
			sourceTree = "<group>";
		};
		5E6FF57F1ED9BFC8007331F6 /* Vido */ = {
			isa = PBXGroup;
			children = (
			);
			path = Vido;
			sourceTree = "<group>";
		};
		5E6FF5801ED9BFF6007331F6 /* Net */ = {
			isa = PBXGroup;
			children = (
			);
			path = Net;
			sourceTree = "<group>";
		};
		5E6FF5811ED9C01F007331F6 /* Base */ = {
			isa = PBXGroup;
			children = (
			);
			path = Base;
			sourceTree = "<group>";
		};
		5E6FF5821ED9C01F007331F6 /* Test */ = {
			isa = PBXGroup;
			children = (
				238CDECF1EFB9071003C9917 /* Bezier */,
				2348A2FD1EEF75A10033D1BF /* Scanner */,
				2364E92E1EE13DC300C5D74C /* Block */,
				2364E9271EE0E94000C5D74C /* DownLoadImage */,
				5ECC59751EDD22EC0072D38C /* SwithParam */,
			);
			path = Test;
			sourceTree = "<group>";
		};
		5EAE010B1EDC1D1C000830A9 /* Home */ = {
			isa = PBXGroup;
			children = (
				5EAE010C1EDC1D33000830A9 /* HomeController.h */,
				5EAE010D1EDC1D33000830A9 /* HomeController.m */,
				5EAE010E1EDC1D33000830A9 /* QKHomeModel.h */,
				5EAE010F1EDC1D33000830A9 /* QKHomeModel.m */,
				5EAE01101EDC1D33000830A9 /* QKHomeNavBar.h */,
				5EAE01111EDC1D33000830A9 /* QKHomeNavBar.m */,
				5EAE01121EDC1D33000830A9 /* QKHomeTabView.h */,
				5EAE01131EDC1D33000830A9 /* QKHomeTabView.m */,
			);
			name = Home;
			sourceTree = "<group>";
		};
		5EAE01181EDC1D40000830A9 /* Recommend */ = {
			isa = PBXGroup;
			children = (
				5EAE01191EDC1D63000830A9 /* QKRecommandController.h */,
				5EAE011A1EDC1D63000830A9 /* QKRecommandController.m */,
			);
			name = Recommend;
			sourceTree = "<group>";
		};
		5EAE011C1EDC1D71000830A9 /* Message */ = {
			isa = PBXGroup;
			children = (
				5EAE011D1EDC1D7A000830A9 /* QKMessageController.h */,
				5EAE011E1EDC1D7A000830A9 /* QKMessageController.m */,
			);
			name = Message;
			sourceTree = "<group>";
		};
		5EAE01201EDC1D87000830A9 /* MyCenter */ = {
			isa = PBXGroup;
			children = (
				5EAE01211EDC1D8F000830A9 /* QKMyCenterController.h */,
				5EAE01221EDC1D8F000830A9 /* QKMyCenterController.m */,
			);
			name = MyCenter;
			sourceTree = "<group>";
		};
		5EAE01241EDC1D9C000830A9 /* FirstBase */ = {
			isa = PBXGroup;
			children = (
				5EAE01251EDC1DA6000830A9 /* QKTabFirstBaseController.h */,
				5EAE01261EDC1DA6000830A9 /* QKTabFirstBaseController.m */,
			);
			name = FirstBase;
			sourceTree = "<group>";
		};
		5EAE01281EDC1DB8000830A9 /* NavBase */ = {
			isa = PBXGroup;
			children = (
				5EAE01291EDC1DC1000830A9 /* QKBaseNavController.h */,
				5EAE012A1EDC1DC1000830A9 /* QKBaseNavController.m */,
			);
			name = NavBase;
			sourceTree = "<group>";
		};
		5EAE012C1EDC1DCC000830A9 /* TabBar */ = {
			isa = PBXGroup;
			children = (
				5EAE012D1EDC1E05000830A9 /* QKTableBar.h */,
				5EAE012E1EDC1E05000830A9 /* QKTableBar.m */,
				5EAE01081EDC1CEA000830A9 /* QKMainTableBarController.h */,
				5EAE01091EDC1CEA000830A9 /* QKMainTableBarController.m */,
			);
			name = TabBar;
			sourceTree = "<group>";
		};
		5EAE01311EDC1E51000830A9 /* Color */ = {
			isa = PBXGroup;
			children = (
				5EAE01321EDC1E87000830A9 /* UIColor+QKColor.h */,
				5EAE01331EDC1E87000830A9 /* UIColor+QKColor.m */,
			);
			path = Color;
			sourceTree = "<group>";
		};
		5EAE01351EDC1F4A000830A9 /* EasyTest */ = {
			isa = PBXGroup;
			children = (
				5EAE01361EDC1F4A000830A9 /* QKReasouce.h */,
				5EAE01371EDC1F4A000830A9 /* QKReasouce.m */,
			);
			path = EasyTest;
			sourceTree = "<group>";
		};
		5EAE01391EDC1FFB000830A9 /* Start */ = {
			isa = PBXGroup;
			children = (
				5EEC1FE11ED181D80035EE07 /* AppDelegate.h */,
				5EEC1FE21ED181D80035EE07 /* AppDelegate.m */,
				5EEC1FE31ED181D80035EE07 /* main.m */,
			);
			name = Start;
			sourceTree = "<group>";
		};
		5ECC59751EDD22EC0072D38C /* SwithParam */ = {
			isa = PBXGroup;
			children = (
				5ECC59761EDD22EC0072D38C /* Controller */,
				5ECC59771EDD22EC0072D38C /* Model */,
				5ECC59781EDD22EC0072D38C /* View */,
			);
			path = SwithParam;
			sourceTree = "<group>";
		};
		5ECC59761EDD22EC0072D38C /* Controller */ = {
			isa = PBXGroup;
			children = (
				5ECC59791EDD235F0072D38C /* QKSwithParamController.h */,
				5ECC597A1EDD235F0072D38C /* QKSwithParamController.m */,
			);
			path = Controller;
			sourceTree = "<group>";
		};
		5ECC59771EDD22EC0072D38C /* Model */ = {
			isa = PBXGroup;
			children = (
			);
			path = Model;
			sourceTree = "<group>";
		};
		5ECC59781EDD22EC0072D38C /* View */ = {
			isa = PBXGroup;
			children = (
				5ECC597F1EDD24500072D38C /* QKSwitchParamTopBar.h */,
				5ECC59801EDD24500072D38C /* QKSwitchParamTopBar.m */,
			);
			path = View;
			sourceTree = "<group>";
		};
		5EEC1FCD1ED181C20035EE07 /* Reasource */ = {
			isa = PBXGroup;
			children = (
				5E6FF5781ED9B993007331F6 /* JSON */,
				23FC8C391ED2E6C10001AF64 /* Constants */,
				5EEC1FCE1ED181C20035EE07 /* Assets.xcassets */,
				5EEC1FCF1ED181C20035EE07 /* LaunchScreen.storyboard */,
				5EEC1FD31ED181C20035EE07 /* Info.plist */,
			);
			path = Reasource;
			sourceTree = "<group>";
		};
		5EEC1FE01ED181D80035EE07 /* Start */ = {
			isa = PBXGroup;
			children = (
				5EAE01391EDC1FFB000830A9 /* Start */,
				5EAE012C1EDC1DCC000830A9 /* TabBar */,
				5EAE01281EDC1DB8000830A9 /* NavBase */,
				5EAE01241EDC1D9C000830A9 /* FirstBase */,
				5EAE01201EDC1D87000830A9 /* MyCenter */,
				5EAE011C1EDC1D71000830A9 /* Message */,
				5EAE01181EDC1D40000830A9 /* Recommend */,
				5EAE010B1EDC1D1C000830A9 /* Home */,
			);
			path = Start;
			sourceTree = "<group>";
		};
		FAD24DCFC2EBA2368BB7BA92 /* Frameworks */ = {
			isa = PBXGroup;
			children = (
				9E55B0DE933459F801E61795 /* libPods-ChiCo.a */,
				904C806346D85D9FBB583594 /* libPods-ChiCoUITests.a */,
				AB2B1454D1149655A6DB88C5 /* libPods-ChiCoTests.a */,
				F5E08EEBCE71A6AB1505B630 /* libPods-Diary.a */,
			);
			name = Frameworks;
			sourceTree = "<group>";
		};
/* End PBXGroup section */

/* Begin PBXNativeTarget section */
		23835FE91EF74B4E0083E894 /* Diary */ = {
			isa = PBXNativeTarget;
			buildConfigurationList = 2383601A1EF74B4F0083E894 /* Build configuration list for PBXNativeTarget "Diary" */;
			buildPhases = (
				177B69B160C2BCA6983C5967 /* [CP] Check Pods Manifest.lock */,
				23835FE61EF74B4E0083E894 /* Sources */,
				23835FE71EF74B4E0083E894 /* Frameworks */,
				23835FE81EF74B4E0083E894 /* Resources */,
				EA4FE05EE08E4C366643F355 /* [CP] Embed Pods Frameworks */,
				6FD5C3B11BE3F37565FBFFE3 /* [CP] Copy Pods Resources */,
			);
			buildRules = (
			);
			dependencies = (
			);
			name = Diary;
			productName = Diary;
			productReference = 23835FEA1EF74B4E0083E894 /* Diary.app */;
			productType = "com.apple.product-type.application";
		};
		238360011EF74B4E0083E894 /* DiaryTests */ = {
			isa = PBXNativeTarget;
			buildConfigurationList = 2383601B1EF74B4F0083E894 /* Build configuration list for PBXNativeTarget "DiaryTests" */;
			buildPhases = (
				23835FFE1EF74B4E0083E894 /* Sources */,
				23835FFF1EF74B4E0083E894 /* Frameworks */,
				238360001EF74B4E0083E894 /* Resources */,
			);
			buildRules = (
			);
			dependencies = (
				238360041EF74B4E0083E894 /* PBXTargetDependency */,
			);
			name = DiaryTests;
			productName = DiaryTests;
			productReference = 238360021EF74B4E0083E894 /* DiaryTests.xctest */;
			productType = "com.apple.product-type.bundle.unit-test";
		};
		2383600C1EF74B4E0083E894 /* DiaryUITests */ = {
			isa = PBXNativeTarget;
			buildConfigurationList = 2383601C1EF74B4F0083E894 /* Build configuration list for PBXNativeTarget "DiaryUITests" */;
			buildPhases = (
				238360091EF74B4E0083E894 /* Sources */,
				2383600A1EF74B4E0083E894 /* Frameworks */,
				2383600B1EF74B4E0083E894 /* Resources */,
			);
			buildRules = (
			);
			dependencies = (
				2383600F1EF74B4F0083E894 /* PBXTargetDependency */,
			);
			name = DiaryUITests;
			productName = DiaryUITests;
			productReference = 2383600D1EF74B4E0083E894 /* DiaryUITests.xctest */;
			productType = "com.apple.product-type.bundle.ui-testing";
		};
		5E6799F41ECFEF7C00844946 /* ChiCo */ = {
			isa = PBXNativeTarget;
			buildConfigurationList = 5E679A221ECFEF7C00844946 /* Build configuration list for PBXNativeTarget "ChiCo" */;
			buildPhases = (
				1BDBA64181A4F0B6B5BEF900 /* [CP] Check Pods Manifest.lock */,
				5E6799F11ECFEF7C00844946 /* Sources */,
				5E6799F21ECFEF7C00844946 /* Frameworks */,
				5E6799F31ECFEF7C00844946 /* Resources */,
				F323C15120DF34F81B5C99FE /* [CP] Embed Pods Frameworks */,
				8B7EB875C85100400AC87A73 /* [CP] Copy Pods Resources */,
				D13860BE4AA5B5E054A6C561 /* Embed Pods Frameworks */,
			);
			buildRules = (
			);
			dependencies = (
			);
			name = ChiCo;
			productName = ChiCo;
			productReference = 5E6799F51ECFEF7C00844946 /* ChiCo.app */;
			productType = "com.apple.product-type.application";
		};
		5E679A0D1ECFEF7C00844946 /* ChiCoTests */ = {
			isa = PBXNativeTarget;
			buildConfigurationList = 5E679A251ECFEF7C00844946 /* Build configuration list for PBXNativeTarget "ChiCoTests" */;
			buildPhases = (
				B18E909FF322D516B3DD1C5D /* [CP] Check Pods Manifest.lock */,
				5E679A0A1ECFEF7C00844946 /* Sources */,
				5E679A0B1ECFEF7C00844946 /* Frameworks */,
				5E679A0C1ECFEF7C00844946 /* Resources */,
				89707898B9D3CC2D50A9CD02 /* [CP] Embed Pods Frameworks */,
				991CEC8E6D6AE9D24CB1FF91 /* [CP] Copy Pods Resources */,
				0EF391CFD8F94A4E00AB65E3 /* Embed Pods Frameworks */,
			);
			buildRules = (
			);
			dependencies = (
				5E679A101ECFEF7C00844946 /* PBXTargetDependency */,
			);
			name = ChiCoTests;
			productName = ChiCoTests;
			productReference = 5E679A0E1ECFEF7C00844946 /* ChiCoTests.xctest */;
			productType = "com.apple.product-type.bundle.unit-test";
		};
		5E679A181ECFEF7C00844946 /* ChiCoUITests */ = {
			isa = PBXNativeTarget;
			buildConfigurationList = 5E679A281ECFEF7C00844946 /* Build configuration list for PBXNativeTarget "ChiCoUITests" */;
			buildPhases = (
				3F1F6DB8C342155949725561 /* [CP] Check Pods Manifest.lock */,
				5E679A151ECFEF7C00844946 /* Sources */,
				5E679A161ECFEF7C00844946 /* Frameworks */,
				5E679A171ECFEF7C00844946 /* Resources */,
				51D68298A04B756057AE4B2A /* [CP] Copy Pods Resources */,
			);
			buildRules = (
			);
			dependencies = (
				5E679A1B1ECFEF7C00844946 /* PBXTargetDependency */,
			);
			name = ChiCoUITests;
			productName = ChiCoUITests;
			productReference = 5E679A191ECFEF7C00844946 /* ChiCoUITests.xctest */;
			productType = "com.apple.product-type.bundle.ui-testing";
		};
/* End PBXNativeTarget section */

/* Begin PBXProject section */
		5E6799ED1ECFEF7C00844946 /* Project object */ = {
			isa = PBXProject;
			attributes = {
				LastUpgradeCheck = 0830;
				ORGANIZATIONNAME = "一米阳光";
				TargetAttributes = {
					23835FE91EF74B4E0083E894 = {
						CreatedOnToolsVersion = 8.3.2;
						ProvisioningStyle = Automatic;
					};
					238360011EF74B4E0083E894 = {
						CreatedOnToolsVersion = 8.3.2;
						ProvisioningStyle = Automatic;
						TestTargetID = 23835FE91EF74B4E0083E894;
					};
					2383600C1EF74B4E0083E894 = {
						CreatedOnToolsVersion = 8.3.2;
						ProvisioningStyle = Automatic;
						TestTargetID = 23835FE91EF74B4E0083E894;
					};
					5E6799F41ECFEF7C00844946 = {
						CreatedOnToolsVersion = 8.3.2;
						ProvisioningStyle = Automatic;
					};
					5E679A0D1ECFEF7C00844946 = {
						CreatedOnToolsVersion = 8.3.2;
						ProvisioningStyle = Automatic;
						TestTargetID = 5E6799F41ECFEF7C00844946;
					};
					5E679A181ECFEF7C00844946 = {
						CreatedOnToolsVersion = 8.3.2;
						ProvisioningStyle = Automatic;
						TestTargetID = 5E6799F41ECFEF7C00844946;
					};
				};
			};
			buildConfigurationList = 5E6799F01ECFEF7C00844946 /* Build configuration list for PBXProject "ChiCo" */;
			compatibilityVersion = "Xcode 3.2";
			developmentRegion = English;
			hasScannedForEncodings = 0;
			knownRegions = (
				en,
				Base,
			);
			mainGroup = 5E6799EC1ECFEF7C00844946;
			productRefGroup = 5E6799F61ECFEF7C00844946 /* Products */;
			projectDirPath = "";
			projectRoot = "";
			targets = (
				5E6799F41ECFEF7C00844946 /* ChiCo */,
				5E679A0D1ECFEF7C00844946 /* ChiCoTests */,
				5E679A181ECFEF7C00844946 /* ChiCoUITests */,
				23835FE91EF74B4E0083E894 /* Diary */,
				238360011EF74B4E0083E894 /* DiaryTests */,
				2383600C1EF74B4E0083E894 /* DiaryUITests */,
			);
		};
/* End PBXProject section */

/* Begin PBXResourcesBuildPhase section */
		23835FE81EF74B4E0083E894 /* Resources */ = {
			isa = PBXResourcesBuildPhase;
			buildActionMask = 2147483647;
			files = (
				238360521EF7C1FA0083E894 /* Assets.xcassets in Resources */,
			);
			runOnlyForDeploymentPostprocessing = 0;
		};
		238360001EF74B4E0083E894 /* Resources */ = {
			isa = PBXResourcesBuildPhase;
			buildActionMask = 2147483647;
			files = (
			);
			runOnlyForDeploymentPostprocessing = 0;
		};
		2383600B1EF74B4E0083E894 /* Resources */ = {
			isa = PBXResourcesBuildPhase;
			buildActionMask = 2147483647;
			files = (
			);
			runOnlyForDeploymentPostprocessing = 0;
		};
		5E6799F31ECFEF7C00844946 /* Resources */ = {
			isa = PBXResourcesBuildPhase;
			buildActionMask = 2147483647;
			files = (
				5EEC1FDD1ED181C20035EE07 /* Info.plist in Resources */,
				5EEC1FD41ED181C20035EE07 /* Assets.xcassets in Resources */,
				5EAE013B1EDC215D000830A9 /* home.json in Resources */,
				5EEC1FD71ED181C20035EE07 /* LaunchScreen.storyboard in Resources */,
			);
			runOnlyForDeploymentPostprocessing = 0;
		};
		5E679A0C1ECFEF7C00844946 /* Resources */ = {
			isa = PBXResourcesBuildPhase;
			buildActionMask = 2147483647;
			files = (
				5EEC1FDE1ED181C20035EE07 /* Info.plist in Resources */,
				5EEC1FD51ED181C20035EE07 /* Assets.xcassets in Resources */,
				5EEC1FD81ED181C20035EE07 /* LaunchScreen.storyboard in Resources */,
			);
			runOnlyForDeploymentPostprocessing = 0;
		};
		5E679A171ECFEF7C00844946 /* Resources */ = {
			isa = PBXResourcesBuildPhase;
			buildActionMask = 2147483647;
			files = (
				5EEC1FDF1ED181C20035EE07 /* Info.plist in Resources */,
				5EEC1FD61ED181C20035EE07 /* Assets.xcassets in Resources */,
				5EEC1FD91ED181C20035EE07 /* LaunchScreen.storyboard in Resources */,
			);
			runOnlyForDeploymentPostprocessing = 0;
		};
/* End PBXResourcesBuildPhase section */

/* Begin PBXShellScriptBuildPhase section */
		0EF391CFD8F94A4E00AB65E3 /* Embed Pods Frameworks */ = {
			isa = PBXShellScriptBuildPhase;
			buildActionMask = 2147483647;
			files = (
			);
			inputPaths = (
			);
			name = "Embed Pods Frameworks";
			outputPaths = (
			);
			runOnlyForDeploymentPostprocessing = 0;
			shellPath = /bin/sh;
			shellScript = "\"${SRCROOT}/Pods/Target Support Files/Pods-ChiCoTests/Pods-ChiCoTests-frameworks.sh\"\n";
			showEnvVarsInLog = 0;
		};
		177B69B160C2BCA6983C5967 /* [CP] Check Pods Manifest.lock */ = {
			isa = PBXShellScriptBuildPhase;
			buildActionMask = 2147483647;
			files = (
			);
			inputPaths = (
			);
			name = "[CP] Check Pods Manifest.lock";
			outputPaths = (
			);
			runOnlyForDeploymentPostprocessing = 0;
			shellPath = /bin/sh;
			shellScript = "diff \"${PODS_ROOT}/../Podfile.lock\" \"${PODS_ROOT}/Manifest.lock\" > /dev/null\nif [[ $? != 0 ]] ; then\n    cat << EOM\nerror: The sandbox is not in sync with the Podfile.lock. Run 'pod install' or update your CocoaPods installation.\nEOM\n    exit 1\nfi\n";
			showEnvVarsInLog = 0;
		};
		1BDBA64181A4F0B6B5BEF900 /* [CP] Check Pods Manifest.lock */ = {
			isa = PBXShellScriptBuildPhase;
			buildActionMask = 2147483647;
			files = (
			);
			inputPaths = (
			);
			name = "[CP] Check Pods Manifest.lock";
			outputPaths = (
			);
			runOnlyForDeploymentPostprocessing = 0;
			shellPath = /bin/sh;
			shellScript = "diff \"${PODS_ROOT}/../Podfile.lock\" \"${PODS_ROOT}/Manifest.lock\" > /dev/null\nif [[ $? != 0 ]] ; then\n    cat << EOM\nerror: The sandbox is not in sync with the Podfile.lock. Run 'pod install' or update your CocoaPods installation.\nEOM\n    exit 1\nfi\n";
			showEnvVarsInLog = 0;
		};
		3F1F6DB8C342155949725561 /* [CP] Check Pods Manifest.lock */ = {
			isa = PBXShellScriptBuildPhase;
			buildActionMask = 2147483647;
			files = (
			);
			inputPaths = (
			);
			name = "[CP] Check Pods Manifest.lock";
			outputPaths = (
			);
			runOnlyForDeploymentPostprocessing = 0;
			shellPath = /bin/sh;
			shellScript = "diff \"${PODS_ROOT}/../Podfile.lock\" \"${PODS_ROOT}/Manifest.lock\" > /dev/null\nif [[ $? != 0 ]] ; then\n    cat << EOM\nerror: The sandbox is not in sync with the Podfile.lock. Run 'pod install' or update your CocoaPods installation.\nEOM\n    exit 1\nfi\n";
			showEnvVarsInLog = 0;
		};
		51D68298A04B756057AE4B2A /* [CP] Copy Pods Resources */ = {
			isa = PBXShellScriptBuildPhase;
			buildActionMask = 2147483647;
			files = (
			);
			inputPaths = (
			);
			name = "[CP] Copy Pods Resources";
			outputPaths = (
			);
			runOnlyForDeploymentPostprocessing = 0;
			shellPath = /bin/sh;
			shellScript = "\"${SRCROOT}/Pods/Target Support Files/Pods-ChiCoUITests/Pods-ChiCoUITests-resources.sh\"\n";
			showEnvVarsInLog = 0;
		};
		6FD5C3B11BE3F37565FBFFE3 /* [CP] Copy Pods Resources */ = {
			isa = PBXShellScriptBuildPhase;
			buildActionMask = 2147483647;
			files = (
			);
			inputPaths = (
			);
			name = "[CP] Copy Pods Resources";
			outputPaths = (
			);
			runOnlyForDeploymentPostprocessing = 0;
			shellPath = /bin/sh;
			shellScript = "\"${SRCROOT}/Pods/Target Support Files/Pods-Diary/Pods-Diary-resources.sh\"\n";
			showEnvVarsInLog = 0;
		};
		89707898B9D3CC2D50A9CD02 /* [CP] Embed Pods Frameworks */ = {
			isa = PBXShellScriptBuildPhase;
			buildActionMask = 2147483647;
			files = (
			);
			inputPaths = (
			);
			name = "[CP] Embed Pods Frameworks";
			outputPaths = (
			);
			runOnlyForDeploymentPostprocessing = 0;
			shellPath = /bin/sh;
			shellScript = "\"${SRCROOT}/Pods/Target Support Files/Pods-ChiCoTests/Pods-ChiCoTests-frameworks.sh\"\n";
			showEnvVarsInLog = 0;
		};
		8B7EB875C85100400AC87A73 /* [CP] Copy Pods Resources */ = {
			isa = PBXShellScriptBuildPhase;
			buildActionMask = 2147483647;
			files = (
			);
			inputPaths = (
			);
			name = "[CP] Copy Pods Resources";
			outputPaths = (
			);
			runOnlyForDeploymentPostprocessing = 0;
			shellPath = /bin/sh;
			shellScript = "\"${SRCROOT}/Pods/Target Support Files/Pods-ChiCo/Pods-ChiCo-resources.sh\"\n";
			showEnvVarsInLog = 0;
		};
		991CEC8E6D6AE9D24CB1FF91 /* [CP] Copy Pods Resources */ = {
			isa = PBXShellScriptBuildPhase;
			buildActionMask = 2147483647;
			files = (
			);
			inputPaths = (
			);
			name = "[CP] Copy Pods Resources";
			outputPaths = (
			);
			runOnlyForDeploymentPostprocessing = 0;
			shellPath = /bin/sh;
			shellScript = "\"${SRCROOT}/Pods/Target Support Files/Pods-ChiCoTests/Pods-ChiCoTests-resources.sh\"\n";
			showEnvVarsInLog = 0;
		};
		B18E909FF322D516B3DD1C5D /* [CP] Check Pods Manifest.lock */ = {
			isa = PBXShellScriptBuildPhase;
			buildActionMask = 2147483647;
			files = (
			);
			inputPaths = (
			);
			name = "[CP] Check Pods Manifest.lock";
			outputPaths = (
			);
			runOnlyForDeploymentPostprocessing = 0;
			shellPath = /bin/sh;
			shellScript = "diff \"${PODS_ROOT}/../Podfile.lock\" \"${PODS_ROOT}/Manifest.lock\" > /dev/null\nif [[ $? != 0 ]] ; then\n    cat << EOM\nerror: The sandbox is not in sync with the Podfile.lock. Run 'pod install' or update your CocoaPods installation.\nEOM\n    exit 1\nfi\n";
			showEnvVarsInLog = 0;
		};
		D13860BE4AA5B5E054A6C561 /* Embed Pods Frameworks */ = {
			isa = PBXShellScriptBuildPhase;
			buildActionMask = 2147483647;
			files = (
			);
			inputPaths = (
			);
			name = "Embed Pods Frameworks";
			outputPaths = (
			);
			runOnlyForDeploymentPostprocessing = 0;
			shellPath = /bin/sh;
			shellScript = "\"${SRCROOT}/Pods/Target Support Files/Pods-ChiCo/Pods-ChiCo-frameworks.sh\"\n";
			showEnvVarsInLog = 0;
		};
		EA4FE05EE08E4C366643F355 /* [CP] Embed Pods Frameworks */ = {
			isa = PBXShellScriptBuildPhase;
			buildActionMask = 2147483647;
			files = (
			);
			inputPaths = (
			);
			name = "[CP] Embed Pods Frameworks";
			outputPaths = (
			);
			runOnlyForDeploymentPostprocessing = 0;
			shellPath = /bin/sh;
			shellScript = "\"${SRCROOT}/Pods/Target Support Files/Pods-Diary/Pods-Diary-frameworks.sh\"\n";
			showEnvVarsInLog = 0;
		};
		F323C15120DF34F81B5C99FE /* [CP] Embed Pods Frameworks */ = {
			isa = PBXShellScriptBuildPhase;
			buildActionMask = 2147483647;
			files = (
			);
			inputPaths = (
			);
			name = "[CP] Embed Pods Frameworks";
			outputPaths = (
			);
			runOnlyForDeploymentPostprocessing = 0;
			shellPath = /bin/sh;
			shellScript = "\"${SRCROOT}/Pods/Target Support Files/Pods-ChiCo/Pods-ChiCo-frameworks.sh\"\n";
			showEnvVarsInLog = 0;
		};
/* End PBXShellScriptBuildPhase section */

/* Begin PBXSourcesBuildPhase section */
		23835FE61EF74B4E0083E894 /* Sources */ = {
			isa = PBXSourcesBuildPhase;
			buildActionMask = 2147483647;
			files = (
				23835FF11EF74B4E0083E894 /* AppDelegate.m in Sources */,
				2383606F1EF7CC5F0083E894 /* YZMainController.m in Sources */,
				23835FEE1EF74B4E0083E894 /* main.m in Sources */,
				2383605C1EF7C4510083E894 /* YZBaseNormalController.m in Sources */,
				238360581EF7C4340083E894 /* YZBaseNavController.m in Sources */,
				2383606C1EF7CC3E0083E894 /* YZGuideController.m in Sources */,
				238360741EF7D0D50083E894 /* UIColor+YZColor.m in Sources */,
				238360661EF7CBF20083E894 /* YZStartController.m in Sources */,
			);
			runOnlyForDeploymentPostprocessing = 0;
		};
		23835FFE1EF74B4E0083E894 /* Sources */ = {
			isa = PBXSourcesBuildPhase;
			buildActionMask = 2147483647;
			files = (
				238360071EF74B4E0083E894 /* DiaryTests.m in Sources */,
			);
			runOnlyForDeploymentPostprocessing = 0;
		};
		238360091EF74B4E0083E894 /* Sources */ = {
			isa = PBXSourcesBuildPhase;
			buildActionMask = 2147483647;
			files = (
				238360121EF74B4F0083E894 /* DiaryUITests.m in Sources */,
			);
			runOnlyForDeploymentPostprocessing = 0;
		};
		5E6799F11ECFEF7C00844946 /* Sources */ = {
			isa = PBXSourcesBuildPhase;
			buildActionMask = 2147483647;
			files = (
				2364E9371EE13E5800C5D74C /* QKBlockOne.m in Sources */,
				238CDEDB1EFB951C003C9917 /* QKBezierView2.m in Sources */,
				5EAE01161EDC1D33000830A9 /* QKHomeNavBar.m in Sources */,
				2364E92D1EE0E96500C5D74C /* QKDownLoadImageController.m in Sources */,
				5EAE01171EDC1D33000830A9 /* QKHomeTabView.m in Sources */,
				238CDEDE1EFB9B96003C9917 /* QKBezierView3.m in Sources */,
				5EAE01151EDC1D33000830A9 /* QKHomeModel.m in Sources */,
				23385BF21EFCF1DA004E2151 /* QKBezierView4.m in Sources */,
				5EAD65891EE2582400C6D960 /* QKWebImageDownloader.m in Sources */,
				5ECC597B1EDD235F0072D38C /* QKSwithParamController.m in Sources */,
				5EEC1FE91ED181D80035EE07 /* main.m in Sources */,
				5EAE011F1EDC1D7A000830A9 /* QKMessageController.m in Sources */,
				5EAE011B1EDC1D63000830A9 /* QKRecommandController.m in Sources */,
				5ECC59811EDD24500072D38C /* QKSwitchParamTopBar.m in Sources */,
				5EAE01271EDC1DA6000830A9 /* QKTabFirstBaseController.m in Sources */,
				2348A30E1EEF7A940033D1BF /* QKEasyTestView.m in Sources */,
				5EEC1FE61ED181D80035EE07 /* AppDelegate.m in Sources */,
				2364E9341EE13E0C00C5D74C /* QKBlockController.m in Sources */,
				238CDED81EFB9172003C9917 /* QKBezierView1.m in Sources */,
				233BDDC01F00A2B0000552D9 /* QKBezierView5.m in Sources */,
				5EAE01341EDC1E87000830A9 /* UIColor+QKColor.m in Sources */,
				5EAE01381EDC1F4A000830A9 /* QKReasouce.m in Sources */,
				5EAE01141EDC1D33000830A9 /* HomeController.m in Sources */,
				2348A3031EEF75D20033D1BF /* QKStringScannerController.m in Sources */,
				5EAE012F1EDC1E05000830A9 /* QKTableBar.m in Sources */,
				5EAE010A1EDC1CEA000830A9 /* QKMainTableBarController.m in Sources */,
				2348A3061EEF760D0033D1BF /* QKStringScanner.m in Sources */,
				5EAE012B1EDC1DC1000830A9 /* QKBaseNavController.m in Sources */,
				5EAE01231EDC1D8F000830A9 /* QKMyCenterController.m in Sources */,
				238CDED51EFB90A4003C9917 /* QKBeZierController.m in Sources */,
			);
			runOnlyForDeploymentPostprocessing = 0;
		};
		5E679A0A1ECFEF7C00844946 /* Sources */ = {
			isa = PBXSourcesBuildPhase;
			buildActionMask = 2147483647;
			files = (
				5EEC1FE71ED181D80035EE07 /* AppDelegate.m in Sources */,
				5EEC1FEA1ED181D80035EE07 /* main.m in Sources */,
				5E679A131ECFEF7C00844946 /* ChiCoTests.m in Sources */,
			);
			runOnlyForDeploymentPostprocessing = 0;
		};
		5E679A151ECFEF7C00844946 /* Sources */ = {
			isa = PBXSourcesBuildPhase;
			buildActionMask = 2147483647;
			files = (
				5EEC1FE81ED181D80035EE07 /* AppDelegate.m in Sources */,
				5EEC1FEB1ED181D80035EE07 /* main.m in Sources */,
				5E679A1E1ECFEF7C00844946 /* ChiCoUITests.m in Sources */,
			);
			runOnlyForDeploymentPostprocessing = 0;
		};
/* End PBXSourcesBuildPhase section */

/* Begin PBXTargetDependency section */
		238360041EF74B4E0083E894 /* PBXTargetDependency */ = {
			isa = PBXTargetDependency;
			target = 23835FE91EF74B4E0083E894 /* Diary */;
			targetProxy = 238360031EF74B4E0083E894 /* PBXContainerItemProxy */;
		};
		2383600F1EF74B4F0083E894 /* PBXTargetDependency */ = {
			isa = PBXTargetDependency;
			target = 23835FE91EF74B4E0083E894 /* Diary */;
			targetProxy = 2383600E1EF74B4F0083E894 /* PBXContainerItemProxy */;
		};
		5E679A101ECFEF7C00844946 /* PBXTargetDependency */ = {
			isa = PBXTargetDependency;
			target = 5E6799F41ECFEF7C00844946 /* ChiCo */;
			targetProxy = 5E679A0F1ECFEF7C00844946 /* PBXContainerItemProxy */;
		};
		5E679A1B1ECFEF7C00844946 /* PBXTargetDependency */ = {
			isa = PBXTargetDependency;
			target = 5E6799F41ECFEF7C00844946 /* ChiCo */;
			targetProxy = 5E679A1A1ECFEF7C00844946 /* PBXContainerItemProxy */;
		};
/* End PBXTargetDependency section */

/* Begin PBXVariantGroup section */
		5EEC1FCF1ED181C20035EE07 /* LaunchScreen.storyboard */ = {
			isa = PBXVariantGroup;
			children = (
				5EEC1FD01ED181C20035EE07 /* Base */,
			);
			name = LaunchScreen.storyboard;
			sourceTree = "<group>";
		};
/* End PBXVariantGroup section */

/* Begin XCBuildConfiguration section */
		238360141EF74B4F0083E894 /* Debug */ = {
			isa = XCBuildConfiguration;
			baseConfigurationReference = C60E38D27B6B95CAF42B196E /* Pods-Diary.debug.xcconfig */;
			buildSettings = {
				ASSETCATALOG_COMPILER_APPICON_NAME = AppIcon;
				ASSETCATALOG_COMPILER_LAUNCHIMAGE_NAME = LaunchImage;
				GCC_INCREASE_PRECOMPILED_HEADER_SHARING = NO;
				GCC_PREFIX_HEADER = "$(SRCROOT)/Diary/Resource/Diary.pch";
				INFOPLIST_FILE = Diary/Info.plist;
				IPHONEOS_DEPLOYMENT_TARGET = 8.0;
				LD_RUNPATH_SEARCH_PATHS = "$(inherited) @executable_path/Frameworks";
				PRODUCT_BUNDLE_IDENTIFIER = EasyIOS.Diary;
				PRODUCT_NAME = "$(TARGET_NAME)";
			};
			name = Debug;
		};
		238360151EF74B4F0083E894 /* Release */ = {
			isa = XCBuildConfiguration;
			baseConfigurationReference = 71DE0691775386BBFE795951 /* Pods-Diary.release.xcconfig */;
			buildSettings = {
				ASSETCATALOG_COMPILER_APPICON_NAME = AppIcon;
				ASSETCATALOG_COMPILER_LAUNCHIMAGE_NAME = LaunchImage;
				GCC_INCREASE_PRECOMPILED_HEADER_SHARING = NO;
				GCC_PREFIX_HEADER = "$(SRCROOT)/Diary/Resource/Diary.pch";
				INFOPLIST_FILE = Diary/Info.plist;
				IPHONEOS_DEPLOYMENT_TARGET = 8.0;
				LD_RUNPATH_SEARCH_PATHS = "$(inherited) @executable_path/Frameworks";
				PRODUCT_BUNDLE_IDENTIFIER = EasyIOS.Diary;
				PRODUCT_NAME = "$(TARGET_NAME)";
			};
			name = Release;
		};
		238360161EF74B4F0083E894 /* Debug */ = {
			isa = XCBuildConfiguration;
			buildSettings = {
				BUNDLE_LOADER = "$(TEST_HOST)";
				INFOPLIST_FILE = DiaryTests/Info.plist;
				LD_RUNPATH_SEARCH_PATHS = "$(inherited) @executable_path/Frameworks @loader_path/Frameworks";
				PRODUCT_BUNDLE_IDENTIFIER = EasyIOS.DiaryTests;
				PRODUCT_NAME = "$(TARGET_NAME)";
				TEST_HOST = "$(BUILT_PRODUCTS_DIR)/Diary.app/Diary";
			};
			name = Debug;
		};
		238360171EF74B4F0083E894 /* Release */ = {
			isa = XCBuildConfiguration;
			buildSettings = {
				BUNDLE_LOADER = "$(TEST_HOST)";
				INFOPLIST_FILE = DiaryTests/Info.plist;
				LD_RUNPATH_SEARCH_PATHS = "$(inherited) @executable_path/Frameworks @loader_path/Frameworks";
				PRODUCT_BUNDLE_IDENTIFIER = EasyIOS.DiaryTests;
				PRODUCT_NAME = "$(TARGET_NAME)";
				TEST_HOST = "$(BUILT_PRODUCTS_DIR)/Diary.app/Diary";
			};
			name = Release;
		};
		238360181EF74B4F0083E894 /* Debug */ = {
			isa = XCBuildConfiguration;
			buildSettings = {
				INFOPLIST_FILE = DiaryUITests/Info.plist;
				LD_RUNPATH_SEARCH_PATHS = "$(inherited) @executable_path/Frameworks @loader_path/Frameworks";
				PRODUCT_BUNDLE_IDENTIFIER = EasyIOS.DiaryUITests;
				PRODUCT_NAME = "$(TARGET_NAME)";
				TEST_TARGET_NAME = Diary;
			};
			name = Debug;
		};
		238360191EF74B4F0083E894 /* Release */ = {
			isa = XCBuildConfiguration;
			buildSettings = {
				INFOPLIST_FILE = DiaryUITests/Info.plist;
				LD_RUNPATH_SEARCH_PATHS = "$(inherited) @executable_path/Frameworks @loader_path/Frameworks";
				PRODUCT_BUNDLE_IDENTIFIER = EasyIOS.DiaryUITests;
				PRODUCT_NAME = "$(TARGET_NAME)";
				TEST_TARGET_NAME = Diary;
			};
			name = Release;
		};
		5E679A201ECFEF7C00844946 /* Debug */ = {
			isa = XCBuildConfiguration;
			buildSettings = {
				ALWAYS_SEARCH_USER_PATHS = NO;
				CLANG_ANALYZER_NONNULL = YES;
				CLANG_ANALYZER_NUMBER_OBJECT_CONVERSION = YES_AGGRESSIVE;
				CLANG_CXX_LANGUAGE_STANDARD = "gnu++0x";
				CLANG_CXX_LIBRARY = "libc++";
				CLANG_ENABLE_MODULES = YES;
				CLANG_ENABLE_OBJC_ARC = YES;
				CLANG_WARN_BOOL_CONVERSION = YES;
				CLANG_WARN_CONSTANT_CONVERSION = YES;
				CLANG_WARN_DIRECT_OBJC_ISA_USAGE = YES_ERROR;
				CLANG_WARN_DOCUMENTATION_COMMENTS = YES;
				CLANG_WARN_EMPTY_BODY = YES;
				CLANG_WARN_ENUM_CONVERSION = YES;
				CLANG_WARN_INFINITE_RECURSION = YES;
				CLANG_WARN_INT_CONVERSION = YES;
				CLANG_WARN_OBJC_ROOT_CLASS = YES_ERROR;
				CLANG_WARN_SUSPICIOUS_MOVE = YES;
				CLANG_WARN_UNREACHABLE_CODE = YES;
				CLANG_WARN__DUPLICATE_METHOD_MATCH = YES;
				"CODE_SIGN_IDENTITY[sdk=iphoneos*]" = "iPhone Developer";
				COPY_PHASE_STRIP = NO;
				DEBUG_INFORMATION_FORMAT = dwarf;
				ENABLE_STRICT_OBJC_MSGSEND = YES;
				ENABLE_TESTABILITY = YES;
				GCC_C_LANGUAGE_STANDARD = gnu99;
				GCC_DYNAMIC_NO_PIC = NO;
				GCC_NO_COMMON_BLOCKS = YES;
				GCC_OPTIMIZATION_LEVEL = 0;
				GCC_PRECOMPILE_PREFIX_HEADER = YES;
				GCC_PREPROCESSOR_DEFINITIONS = (
					"DEBUG=1",
					"$(inherited)",
				);
				GCC_WARN_64_TO_32_BIT_CONVERSION = YES;
				GCC_WARN_ABOUT_RETURN_TYPE = YES_ERROR;
				GCC_WARN_UNDECLARED_SELECTOR = YES;
				GCC_WARN_UNINITIALIZED_AUTOS = YES_AGGRESSIVE;
				GCC_WARN_UNUSED_FUNCTION = YES;
				GCC_WARN_UNUSED_VARIABLE = YES;
				IPHONEOS_DEPLOYMENT_TARGET = 10.3;
				MTL_ENABLE_DEBUG_INFO = YES;
				ONLY_ACTIVE_ARCH = YES;
				SDKROOT = iphoneos;
				TARGETED_DEVICE_FAMILY = "1,2";
			};
			name = Debug;
		};
		5E679A211ECFEF7C00844946 /* Release */ = {
			isa = XCBuildConfiguration;
			buildSettings = {
				ALWAYS_SEARCH_USER_PATHS = NO;
				CLANG_ANALYZER_NONNULL = YES;
				CLANG_ANALYZER_NUMBER_OBJECT_CONVERSION = YES_AGGRESSIVE;
				CLANG_CXX_LANGUAGE_STANDARD = "gnu++0x";
				CLANG_CXX_LIBRARY = "libc++";
				CLANG_ENABLE_MODULES = YES;
				CLANG_ENABLE_OBJC_ARC = YES;
				CLANG_WARN_BOOL_CONVERSION = YES;
				CLANG_WARN_CONSTANT_CONVERSION = YES;
				CLANG_WARN_DIRECT_OBJC_ISA_USAGE = YES_ERROR;
				CLANG_WARN_DOCUMENTATION_COMMENTS = YES;
				CLANG_WARN_EMPTY_BODY = YES;
				CLANG_WARN_ENUM_CONVERSION = YES;
				CLANG_WARN_INFINITE_RECURSION = YES;
				CLANG_WARN_INT_CONVERSION = YES;
				CLANG_WARN_OBJC_ROOT_CLASS = YES_ERROR;
				CLANG_WARN_SUSPICIOUS_MOVE = YES;
				CLANG_WARN_UNREACHABLE_CODE = YES;
				CLANG_WARN__DUPLICATE_METHOD_MATCH = YES;
				"CODE_SIGN_IDENTITY[sdk=iphoneos*]" = "iPhone Developer";
				COPY_PHASE_STRIP = NO;
				DEBUG_INFORMATION_FORMAT = "dwarf-with-dsym";
				ENABLE_NS_ASSERTIONS = NO;
				ENABLE_STRICT_OBJC_MSGSEND = YES;
				GCC_C_LANGUAGE_STANDARD = gnu99;
				GCC_NO_COMMON_BLOCKS = YES;
				GCC_PRECOMPILE_PREFIX_HEADER = YES;
				GCC_WARN_64_TO_32_BIT_CONVERSION = YES;
				GCC_WARN_ABOUT_RETURN_TYPE = YES_ERROR;
				GCC_WARN_UNDECLARED_SELECTOR = YES;
				GCC_WARN_UNINITIALIZED_AUTOS = YES_AGGRESSIVE;
				GCC_WARN_UNUSED_FUNCTION = YES;
				GCC_WARN_UNUSED_VARIABLE = YES;
				IPHONEOS_DEPLOYMENT_TARGET = 10.3;
				MTL_ENABLE_DEBUG_INFO = NO;
				SDKROOT = iphoneos;
				TARGETED_DEVICE_FAMILY = "1,2";
				VALIDATE_PRODUCT = YES;
			};
			name = Release;
		};
		5E679A231ECFEF7C00844946 /* Debug */ = {
			isa = XCBuildConfiguration;
			baseConfigurationReference = 5C6B044E7C8476110BA57D4C /* Pods-ChiCo.debug.xcconfig */;
			buildSettings = {
				ASSETCATALOG_COMPILER_APPICON_NAME = AppIcon;
				GCC_PRECOMPILE_PREFIX_HEADER = YES;
				GCC_PREFIX_HEADER = "$(SRCROOT)/ChiCoTests/ChiCo.pch";
				INFOPLIST_FILE = ChiCo/Reasource/Info.plist;
				IPHONEOS_DEPLOYMENT_TARGET = 8.0;
				LD_RUNPATH_SEARCH_PATHS = "$(inherited) @executable_path/Frameworks";
				PRODUCT_BUNDLE_IDENTIFIER = com.nvxie.ChiCo;
				PRODUCT_NAME = "$(TARGET_NAME)";
			};
			name = Debug;
		};
		5E679A241ECFEF7C00844946 /* Release */ = {
			isa = XCBuildConfiguration;
			baseConfigurationReference = 5CBF2F9390285003A827993F /* Pods-ChiCo.release.xcconfig */;
			buildSettings = {
				ASSETCATALOG_COMPILER_APPICON_NAME = AppIcon;
				GCC_PRECOMPILE_PREFIX_HEADER = YES;
				GCC_PREFIX_HEADER = "$(SRCROOT)/ChiCoTests/ChiCo.pch";
				INFOPLIST_FILE = ChiCo/Reasource/Info.plist;
				IPHONEOS_DEPLOYMENT_TARGET = 8.0;
				LD_RUNPATH_SEARCH_PATHS = "$(inherited) @executable_path/Frameworks";
				PRODUCT_BUNDLE_IDENTIFIER = com.nvxie.ChiCo;
				PRODUCT_NAME = "$(TARGET_NAME)";
			};
			name = Release;
		};
		5E679A261ECFEF7C00844946 /* Debug */ = {
			isa = XCBuildConfiguration;
			baseConfigurationReference = 6F0AB990355690211232F7DB /* Pods-ChiCoTests.debug.xcconfig */;
			buildSettings = {
				BUNDLE_LOADER = "$(TEST_HOST)";
				INFOPLIST_FILE = ChiCoTests/Info.plist;
				LD_RUNPATH_SEARCH_PATHS = "$(inherited) @executable_path/Frameworks @loader_path/Frameworks";
				PRODUCT_BUNDLE_IDENTIFIER = com.nvxie.ChiCoTests;
				PRODUCT_NAME = "$(TARGET_NAME)";
				TEST_HOST = "$(BUILT_PRODUCTS_DIR)/ChiCo.app/ChiCo";
			};
			name = Debug;
		};
		5E679A271ECFEF7C00844946 /* Release */ = {
			isa = XCBuildConfiguration;
			baseConfigurationReference = D962AF701B39531BA820FBC3 /* Pods-ChiCoTests.release.xcconfig */;
			buildSettings = {
				BUNDLE_LOADER = "$(TEST_HOST)";
				INFOPLIST_FILE = ChiCoTests/Info.plist;
				LD_RUNPATH_SEARCH_PATHS = "$(inherited) @executable_path/Frameworks @loader_path/Frameworks";
				PRODUCT_BUNDLE_IDENTIFIER = com.nvxie.ChiCoTests;
				PRODUCT_NAME = "$(TARGET_NAME)";
				TEST_HOST = "$(BUILT_PRODUCTS_DIR)/ChiCo.app/ChiCo";
			};
			name = Release;
		};
		5E679A291ECFEF7C00844946 /* Debug */ = {
			isa = XCBuildConfiguration;
			baseConfigurationReference = 87F83AD332B127260E490E89 /* Pods-ChiCoUITests.debug.xcconfig */;
			buildSettings = {
				INFOPLIST_FILE = ChiCoUITests/Info.plist;
				LD_RUNPATH_SEARCH_PATHS = "$(inherited) @executable_path/Frameworks @loader_path/Frameworks";
				PRODUCT_BUNDLE_IDENTIFIER = com.nvxie.ChiCoUITests;
				PRODUCT_NAME = "$(TARGET_NAME)";
				TEST_TARGET_NAME = ChiCo;
			};
			name = Debug;
		};
		5E679A2A1ECFEF7C00844946 /* Release */ = {
			isa = XCBuildConfiguration;
			baseConfigurationReference = 5C493B76859D15E436041AB5 /* Pods-ChiCoUITests.release.xcconfig */;
			buildSettings = {
				INFOPLIST_FILE = ChiCoUITests/Info.plist;
				LD_RUNPATH_SEARCH_PATHS = "$(inherited) @executable_path/Frameworks @loader_path/Frameworks";
				PRODUCT_BUNDLE_IDENTIFIER = com.nvxie.ChiCoUITests;
				PRODUCT_NAME = "$(TARGET_NAME)";
				TEST_TARGET_NAME = ChiCo;
			};
			name = Release;
		};
/* End XCBuildConfiguration section */

/* Begin XCConfigurationList section */
		2383601A1EF74B4F0083E894 /* Build configuration list for PBXNativeTarget "Diary" */ = {
			isa = XCConfigurationList;
			buildConfigurations = (
				238360141EF74B4F0083E894 /* Debug */,
				238360151EF74B4F0083E894 /* Release */,
			);
			defaultConfigurationIsVisible = 0;
			defaultConfigurationName = Release;
		};
		2383601B1EF74B4F0083E894 /* Build configuration list for PBXNativeTarget "DiaryTests" */ = {
			isa = XCConfigurationList;
			buildConfigurations = (
				238360161EF74B4F0083E894 /* Debug */,
				238360171EF74B4F0083E894 /* Release */,
			);
			defaultConfigurationIsVisible = 0;
			defaultConfigurationName = Release;
		};
		2383601C1EF74B4F0083E894 /* Build configuration list for PBXNativeTarget "DiaryUITests" */ = {
			isa = XCConfigurationList;
			buildConfigurations = (
				238360181EF74B4F0083E894 /* Debug */,
				238360191EF74B4F0083E894 /* Release */,
			);
			defaultConfigurationIsVisible = 0;
			defaultConfigurationName = Release;
		};
		5E6799F01ECFEF7C00844946 /* Build configuration list for PBXProject "ChiCo" */ = {
			isa = XCConfigurationList;
			buildConfigurations = (
				5E679A201ECFEF7C00844946 /* Debug */,
				5E679A211ECFEF7C00844946 /* Release */,
			);
			defaultConfigurationIsVisible = 0;
			defaultConfigurationName = Release;
		};
		5E679A221ECFEF7C00844946 /* Build configuration list for PBXNativeTarget "ChiCo" */ = {
			isa = XCConfigurationList;
			buildConfigurations = (
				5E679A231ECFEF7C00844946 /* Debug */,
				5E679A241ECFEF7C00844946 /* Release */,
			);
			defaultConfigurationIsVisible = 0;
			defaultConfigurationName = Release;
		};
		5E679A251ECFEF7C00844946 /* Build configuration list for PBXNativeTarget "ChiCoTests" */ = {
			isa = XCConfigurationList;
			buildConfigurations = (
				5E679A261ECFEF7C00844946 /* Debug */,
				5E679A271ECFEF7C00844946 /* Release */,
			);
			defaultConfigurationIsVisible = 0;
			defaultConfigurationName = Release;
		};
		5E679A281ECFEF7C00844946 /* Build configuration list for PBXNativeTarget "ChiCoUITests" */ = {
			isa = XCConfigurationList;
			buildConfigurations = (
				5E679A291ECFEF7C00844946 /* Debug */,
				5E679A2A1ECFEF7C00844946 /* Release */,
			);
			defaultConfigurationIsVisible = 0;
			defaultConfigurationName = Release;
		};
/* End XCConfigurationList section */
	};
	rootObject = 5E6799ED1ECFEF7C00844946 /* Project object */;
}
